// !$*UTF8*$!
{
	archiveVersion = 1;
	classes = {
	};
	objectVersion = 55;
	objects = {

/* Begin PBXBuildFile section */
		9A63E1DD28AC29A300122416 /* LocalFileManager.swift in Sources */ = {isa = PBXBuildFile; fileRef = 9A63E1DC28AC29A300122416 /* LocalFileManager.swift */; };
		9A63E1DF28AEB02400122416 /* SearchBarView.swift in Sources */ = {isa = PBXBuildFile; fileRef = 9A63E1DE28AEB02400122416 /* SearchBarView.swift */; };
		9A63E1E128AEB4ED00122416 /* UIApplication.swift in Sources */ = {isa = PBXBuildFile; fileRef = 9A63E1E028AEB4ED00122416 /* UIApplication.swift */; };
		9A63E1E328B0163000122416 /* StatisticModel.swift in Sources */ = {isa = PBXBuildFile; fileRef = 9A63E1E228B0163000122416 /* StatisticModel.swift */; };
		9A63E1E528B0174D00122416 /* StatisticView.swift in Sources */ = {isa = PBXBuildFile; fileRef = 9A63E1E428B0174D00122416 /* StatisticView.swift */; };
		9A63E1E728B01A3E00122416 /* HomeStatsView.swift in Sources */ = {isa = PBXBuildFile; fileRef = 9A63E1E628B01A3E00122416 /* HomeStatsView.swift */; };
		9A63E1E928B22F4B00122416 /* MarketDataModel.swift in Sources */ = {isa = PBXBuildFile; fileRef = 9A63E1E828B22F4B00122416 /* MarketDataModel.swift */; };
		9A63E1EB28B2331900122416 /* MarketDataService.swift in Sources */ = {isa = PBXBuildFile; fileRef = 9A63E1EA28B2331900122416 /* MarketDataService.swift */; };
		9A63E1ED28B4014A00122416 /* PortfolioView.swift in Sources */ = {isa = PBXBuildFile; fileRef = 9A63E1EC28B4014A00122416 /* PortfolioView.swift */; };
		9A63E1EF28B4038E00122416 /* XMarkButton.swift in Sources */ = {isa = PBXBuildFile; fileRef = 9A63E1EE28B4038E00122416 /* XMarkButton.swift */; };
		9A63E1F128B4084B00122416 /* CoinLogoView.swift in Sources */ = {isa = PBXBuildFile; fileRef = 9A63E1F028B4084B00122416 /* CoinLogoView.swift */; };
		9A948AC6289EEC1000D22522 /* CoinModel.swift in Sources */ = {isa = PBXBuildFile; fileRef = 9A948AC5289EEC1000D22522 /* CoinModel.swift */; };
		9A948AC828A03B6D00D22522 /* CoinRowView.swift in Sources */ = {isa = PBXBuildFile; fileRef = 9A948AC728A03B6D00D22522 /* CoinRowView.swift */; };
		9A948ACA28A03BC900D22522 /* PreviewProvider.swift in Sources */ = {isa = PBXBuildFile; fileRef = 9A948AC928A03BC900D22522 /* PreviewProvider.swift */; };
		9A948ACC28A040A100D22522 /* Double.swift in Sources */ = {isa = PBXBuildFile; fileRef = 9A948ACB28A040A100D22522 /* Double.swift */; };
		9A948ACE28A1850D00D22522 /* HomeViewModel.swift in Sources */ = {isa = PBXBuildFile; fileRef = 9A948ACD28A1850D00D22522 /* HomeViewModel.swift */; };
		9A948AD128A561B700D22522 /* CoinDataService.swift in Sources */ = {isa = PBXBuildFile; fileRef = 9A948AD028A561B700D22522 /* CoinDataService.swift */; };
		9A948AD428A97A1400D22522 /* NetworkingManager.swift in Sources */ = {isa = PBXBuildFile; fileRef = 9A948AD328A97A1400D22522 /* NetworkingManager.swift */; };
		9A948AD728AAD09700D22522 /* CoinImageView.swift in Sources */ = {isa = PBXBuildFile; fileRef = 9A948AD628AAD09700D22522 /* CoinImageView.swift */; };
		9A948AD928AAD26600D22522 /* CoinImageService.swift in Sources */ = {isa = PBXBuildFile; fileRef = 9A948AD828AAD26600D22522 /* CoinImageService.swift */; };
		9A948ADB28AAD3CC00D22522 /* CoinImageViewModel.swift in Sources */ = {isa = PBXBuildFile; fileRef = 9A948ADA28AAD3CC00D22522 /* CoinImageViewModel.swift */; };
		9A9A1A5328D7403300ACDF75 /* LaunchScreen.storyboard in Resources */ = {isa = PBXBuildFile; fileRef = 9A9A1A5228D7403300ACDF75 /* LaunchScreen.storyboard */; };
		9A9A1A5528D742DF00ACDF75 /* LaunchView.swift in Sources */ = {isa = PBXBuildFile; fileRef = 9A9A1A5428D742DF00ACDF75 /* LaunchView.swift */; };
		9AAC915D28C67B1C002F7E54 /* HapticManager.swift in Sources */ = {isa = PBXBuildFile; fileRef = 9AAC915C28C67B1C002F7E54 /* HapticManager.swift */; };
		9AAC916228CBBEFC002F7E54 /* DetailView.swift in Sources */ = {isa = PBXBuildFile; fileRef = 9AAC916128CBBEFC002F7E54 /* DetailView.swift */; };
		9AAC916428CE410F002F7E54 /* CoinDetailModel.swift in Sources */ = {isa = PBXBuildFile; fileRef = 9AAC916328CE410F002F7E54 /* CoinDetailModel.swift */; };
		9AAC916628CE450C002F7E54 /* DetailViewModel.swift in Sources */ = {isa = PBXBuildFile; fileRef = 9AAC916528CE450C002F7E54 /* DetailViewModel.swift */; };
		9AAC916828CE454E002F7E54 /* CoinDetailDataService.swift in Sources */ = {isa = PBXBuildFile; fileRef = 9AAC916728CE454E002F7E54 /* CoinDetailDataService.swift */; };
		9AAC916A28D26C44002F7E54 /* CharView.swift in Sources */ = {isa = PBXBuildFile; fileRef = 9AAC916928D26C44002F7E54 /* CharView.swift */; };
		9AAC916C28D272A7002F7E54 /* Date.swift in Sources */ = {isa = PBXBuildFile; fileRef = 9AAC916B28D272A7002F7E54 /* Date.swift */; };
		9AAC916E28D3B0A9002F7E54 /* String.swift in Sources */ = {isa = PBXBuildFile; fileRef = 9AAC916D28D3B0A9002F7E54 /* String.swift */; };
		9AAC917228D3B7C9002F7E54 /* SettingsView.swift in Sources */ = {isa = PBXBuildFile; fileRef = 9AAC917128D3B7C9002F7E54 /* SettingsView.swift */; };
		9ABA24CD28BA981200E21A33 /* PortfolioContainer.xcdatamodeld in Sources */ = {isa = PBXBuildFile; fileRef = 9ABA24CB28BA981200E21A33 /* PortfolioContainer.xcdatamodeld */; };
		9ABA24CF28BA98DB00E21A33 /* PortfolioDataService.swift in Sources */ = {isa = PBXBuildFile; fileRef = 9ABA24CE28BA98DB00E21A33 /* PortfolioDataService.swift */; };
		9AEA0FCF289DA10E00CABE84 /* SwiftfulCryptoApp.swift in Sources */ = {isa = PBXBuildFile; fileRef = 9AEA0FCE289DA10E00CABE84 /* SwiftfulCryptoApp.swift */; };
		9AEA0FD3289DA11000CABE84 /* Assets.xcassets in Resources */ = {isa = PBXBuildFile; fileRef = 9AEA0FD2289DA11000CABE84 /* Assets.xcassets */; };
		9AEA0FD6289DA11000CABE84 /* Preview Assets.xcassets in Resources */ = {isa = PBXBuildFile; fileRef = 9AEA0FD5289DA11000CABE84 /* Preview Assets.xcassets */; };
		9AEA0FDE289DA36200CABE84 /* Color.swift in Sources */ = {isa = PBXBuildFile; fileRef = 9AEA0FDD289DA36200CABE84 /* Color.swift */; };
		9AEA0FE4289DA5C000CABE84 /* HomeView.swift in Sources */ = {isa = PBXBuildFile; fileRef = 9AEA0FE3289DA5C000CABE84 /* HomeView.swift */; };
		9AEA0FE8289DA6A200CABE84 /* CircleButtonView.swift in Sources */ = {isa = PBXBuildFile; fileRef = 9AEA0FE7289DA6A200CABE84 /* CircleButtonView.swift */; };
		9AEA0FEA289DA9B000CABE84 /* CircleButtonAnimationView.swift in Sources */ = {isa = PBXBuildFile; fileRef = 9AEA0FE9289DA9B000CABE84 /* CircleButtonAnimationView.swift */; };
/* End PBXBuildFile section */

/* Begin PBXFileReference section */
		9A63E1DC28AC29A300122416 /* LocalFileManager.swift */ = {isa = PBXFileReference; lastKnownFileType = sourcecode.swift; path = LocalFileManager.swift; sourceTree = "<group>"; };
		9A63E1DE28AEB02400122416 /* SearchBarView.swift */ = {isa = PBXFileReference; lastKnownFileType = sourcecode.swift; path = SearchBarView.swift; sourceTree = "<group>"; };
		9A63E1E028AEB4ED00122416 /* UIApplication.swift */ = {isa = PBXFileReference; lastKnownFileType = sourcecode.swift; path = UIApplication.swift; sourceTree = "<group>"; };
		9A63E1E228B0163000122416 /* StatisticModel.swift */ = {isa = PBXFileReference; lastKnownFileType = sourcecode.swift; path = StatisticModel.swift; sourceTree = "<group>"; };
		9A63E1E428B0174D00122416 /* StatisticView.swift */ = {isa = PBXFileReference; lastKnownFileType = sourcecode.swift; path = StatisticView.swift; sourceTree = "<group>"; };
		9A63E1E628B01A3E00122416 /* HomeStatsView.swift */ = {isa = PBXFileReference; lastKnownFileType = sourcecode.swift; path = HomeStatsView.swift; sourceTree = "<group>"; };
		9A63E1E828B22F4B00122416 /* MarketDataModel.swift */ = {isa = PBXFileReference; lastKnownFileType = sourcecode.swift; path = MarketDataModel.swift; sourceTree = "<group>"; };
		9A63E1EA28B2331900122416 /* MarketDataService.swift */ = {isa = PBXFileReference; lastKnownFileType = sourcecode.swift; path = MarketDataService.swift; sourceTree = "<group>"; };
		9A63E1EC28B4014A00122416 /* PortfolioView.swift */ = {isa = PBXFileReference; lastKnownFileType = sourcecode.swift; path = PortfolioView.swift; sourceTree = "<group>"; };
		9A63E1EE28B4038E00122416 /* XMarkButton.swift */ = {isa = PBXFileReference; lastKnownFileType = sourcecode.swift; path = XMarkButton.swift; sourceTree = "<group>"; };
		9A63E1F028B4084B00122416 /* CoinLogoView.swift */ = {isa = PBXFileReference; lastKnownFileType = sourcecode.swift; path = CoinLogoView.swift; sourceTree = "<group>"; };
		9A948AC5289EEC1000D22522 /* CoinModel.swift */ = {isa = PBXFileReference; lastKnownFileType = sourcecode.swift; path = CoinModel.swift; sourceTree = "<group>"; };
		9A948AC728A03B6D00D22522 /* CoinRowView.swift */ = {isa = PBXFileReference; lastKnownFileType = sourcecode.swift; path = CoinRowView.swift; sourceTree = "<group>"; };
		9A948AC928A03BC900D22522 /* PreviewProvider.swift */ = {isa = PBXFileReference; lastKnownFileType = sourcecode.swift; path = PreviewProvider.swift; sourceTree = "<group>"; };
		9A948ACB28A040A100D22522 /* Double.swift */ = {isa = PBXFileReference; lastKnownFileType = sourcecode.swift; path = Double.swift; sourceTree = "<group>"; };
		9A948ACD28A1850D00D22522 /* HomeViewModel.swift */ = {isa = PBXFileReference; lastKnownFileType = sourcecode.swift; path = HomeViewModel.swift; sourceTree = "<group>"; };
		9A948AD028A561B700D22522 /* CoinDataService.swift */ = {isa = PBXFileReference; lastKnownFileType = sourcecode.swift; path = CoinDataService.swift; sourceTree = "<group>"; };
		9A948AD328A97A1400D22522 /* NetworkingManager.swift */ = {isa = PBXFileReference; lastKnownFileType = sourcecode.swift; path = NetworkingManager.swift; sourceTree = "<group>"; };
		9A948AD628AAD09700D22522 /* CoinImageView.swift */ = {isa = PBXFileReference; lastKnownFileType = sourcecode.swift; path = CoinImageView.swift; sourceTree = "<group>"; };
		9A948AD828AAD26600D22522 /* CoinImageService.swift */ = {isa = PBXFileReference; lastKnownFileType = sourcecode.swift; path = CoinImageService.swift; sourceTree = "<group>"; };
		9A948ADA28AAD3CC00D22522 /* CoinImageViewModel.swift */ = {isa = PBXFileReference; lastKnownFileType = sourcecode.swift; path = CoinImageViewModel.swift; sourceTree = "<group>"; };
		9A9A1A5228D7403300ACDF75 /* LaunchScreen.storyboard */ = {isa = PBXFileReference; lastKnownFileType = file.storyboard; path = LaunchScreen.storyboard; sourceTree = "<group>"; };
		9A9A1A5428D742DF00ACDF75 /* LaunchView.swift */ = {isa = PBXFileReference; lastKnownFileType = sourcecode.swift; path = LaunchView.swift; sourceTree = "<group>"; };
		9AAC915C28C67B1C002F7E54 /* HapticManager.swift */ = {isa = PBXFileReference; lastKnownFileType = sourcecode.swift; path = HapticManager.swift; sourceTree = "<group>"; };
		9AAC916128CBBEFC002F7E54 /* DetailView.swift */ = {isa = PBXFileReference; lastKnownFileType = sourcecode.swift; path = DetailView.swift; sourceTree = "<group>"; };
		9AAC916328CE410F002F7E54 /* CoinDetailModel.swift */ = {isa = PBXFileReference; lastKnownFileType = sourcecode.swift; path = CoinDetailModel.swift; sourceTree = "<group>"; };
		9AAC916528CE450C002F7E54 /* DetailViewModel.swift */ = {isa = PBXFileReference; lastKnownFileType = sourcecode.swift; path = DetailViewModel.swift; sourceTree = "<group>"; };
		9AAC916728CE454E002F7E54 /* CoinDetailDataService.swift */ = {isa = PBXFileReference; lastKnownFileType = sourcecode.swift; path = CoinDetailDataService.swift; sourceTree = "<group>"; };
		9AAC916928D26C44002F7E54 /* CharView.swift */ = {isa = PBXFileReference; lastKnownFileType = sourcecode.swift; path = CharView.swift; sourceTree = "<group>"; };
		9AAC916B28D272A7002F7E54 /* Date.swift */ = {isa = PBXFileReference; lastKnownFileType = sourcecode.swift; path = Date.swift; sourceTree = "<group>"; };
		9AAC916D28D3B0A9002F7E54 /* String.swift */ = {isa = PBXFileReference; lastKnownFileType = sourcecode.swift; path = String.swift; sourceTree = "<group>"; };
		9AAC917128D3B7C9002F7E54 /* SettingsView.swift */ = {isa = PBXFileReference; lastKnownFileType = sourcecode.swift; path = SettingsView.swift; sourceTree = "<group>"; };
		9ABA24CC28BA981200E21A33 /* PortfolioContainer.xcdatamodel */ = {isa = PBXFileReference; lastKnownFileType = wrapper.xcdatamodel; path = PortfolioContainer.xcdatamodel; sourceTree = "<group>"; };
		9ABA24CE28BA98DB00E21A33 /* PortfolioDataService.swift */ = {isa = PBXFileReference; lastKnownFileType = sourcecode.swift; path = PortfolioDataService.swift; sourceTree = "<group>"; };
		9AEA0FCB289DA10E00CABE84 /* Crypto Tracker.app */ = {isa = PBXFileReference; explicitFileType = wrapper.application; includeInIndex = 0; path = "Crypto Tracker.app"; sourceTree = BUILT_PRODUCTS_DIR; };
		9AEA0FCE289DA10E00CABE84 /* SwiftfulCryptoApp.swift */ = {isa = PBXFileReference; lastKnownFileType = sourcecode.swift; path = SwiftfulCryptoApp.swift; sourceTree = "<group>"; };
		9AEA0FD2289DA11000CABE84 /* Assets.xcassets */ = {isa = PBXFileReference; lastKnownFileType = folder.assetcatalog; path = Assets.xcassets; sourceTree = "<group>"; };
		9AEA0FD5289DA11000CABE84 /* Preview Assets.xcassets */ = {isa = PBXFileReference; lastKnownFileType = folder.assetcatalog; path = "Preview Assets.xcassets"; sourceTree = "<group>"; };
		9AEA0FDD289DA36200CABE84 /* Color.swift */ = {isa = PBXFileReference; lastKnownFileType = sourcecode.swift; path = Color.swift; sourceTree = "<group>"; };
		9AEA0FE3289DA5C000CABE84 /* HomeView.swift */ = {isa = PBXFileReference; lastKnownFileType = sourcecode.swift; path = HomeView.swift; sourceTree = "<group>"; };
		9AEA0FE7289DA6A200CABE84 /* CircleButtonView.swift */ = {isa = PBXFileReference; lastKnownFileType = sourcecode.swift; path = CircleButtonView.swift; sourceTree = "<group>"; };
		9AEA0FE9289DA9B000CABE84 /* CircleButtonAnimationView.swift */ = {isa = PBXFileReference; lastKnownFileType = sourcecode.swift; path = CircleButtonAnimationView.swift; sourceTree = "<group>"; };
/* End PBXFileReference section */

/* Begin PBXFrameworksBuildPhase section */
		9AEA0FC8289DA10E00CABE84 /* Frameworks */ = {
			isa = PBXFrameworksBuildPhase;
			buildActionMask = 2147483647;
			files = (
			);
			runOnlyForDeploymentPostprocessing = 0;
		};
/* End PBXFrameworksBuildPhase section */

/* Begin PBXGroup section */
		9A948AC4289EEBF800D22522 /* Models */ = {
			isa = PBXGroup;
			children = (
				9A948AC5289EEC1000D22522 /* CoinModel.swift */,
				9AAC916328CE410F002F7E54 /* CoinDetailModel.swift */,
				9A63E1E228B0163000122416 /* StatisticModel.swift */,
				9A63E1E828B22F4B00122416 /* MarketDataModel.swift */,
				9ABA24CB28BA981200E21A33 /* PortfolioContainer.xcdatamodeld */,
			);
			path = Models;
			sourceTree = "<group>";
		};
		9A948ACF28A5619600D22522 /* Services */ = {
			isa = PBXGroup;
			children = (
				9A948AD028A561B700D22522 /* CoinDataService.swift */,
				9AAC916728CE454E002F7E54 /* CoinDetailDataService.swift */,
				9A948AD828AAD26600D22522 /* CoinImageService.swift */,
				9A63E1EA28B2331900122416 /* MarketDataService.swift */,
				9ABA24CE28BA98DB00E21A33 /* PortfolioDataService.swift */,
			);
			path = Services;
			sourceTree = "<group>";
		};
		9A948AD228A979E800D22522 /* Utilities */ = {
			isa = PBXGroup;
			children = (
				9A948AD328A97A1400D22522 /* NetworkingManager.swift */,
				9A63E1DC28AC29A300122416 /* LocalFileManager.swift */,
				9AAC915C28C67B1C002F7E54 /* HapticManager.swift */,
			);
			path = Utilities;
			sourceTree = "<group>";
		};
		9A948AD528AAD08200D22522 /* CoinImage */ = {
			isa = PBXGroup;
			children = (
				9A948AD628AAD09700D22522 /* CoinImageView.swift */,
				9A948ADA28AAD3CC00D22522 /* CoinImageViewModel.swift */,
				9A63E1F028B4084B00122416 /* CoinLogoView.swift */,
			);
			path = CoinImage;
			sourceTree = "<group>";
		};
		9A9A1A5028D7401400ACDF75 /* Launch */ = {
			isa = PBXGroup;
			children = (
				9A9A1A5128D7402100ACDF75 /* Views */,
			);
			path = Launch;
			sourceTree = "<group>";
		};
		9A9A1A5128D7402100ACDF75 /* Views */ = {
			isa = PBXGroup;
			children = (
				9A9A1A5228D7403300ACDF75 /* LaunchScreen.storyboard */,
				9A9A1A5428D742DF00ACDF75 /* LaunchView.swift */,
			);
			path = Views;
			sourceTree = "<group>";
		};
		9AAC915E28CBBE8D002F7E54 /* Detail */ = {
			isa = PBXGroup;
			children = (
				9AAC916028CBBEA9002F7E54 /* Views */,
				9AAC915F28CBBEA0002F7E54 /* ViewModels */,
			);
			path = Detail;
			sourceTree = "<group>";
		};
		9AAC915F28CBBEA0002F7E54 /* ViewModels */ = {
			isa = PBXGroup;
			children = (
				9AAC916528CE450C002F7E54 /* DetailViewModel.swift */,
			);
			path = ViewModels;
			sourceTree = "<group>";
		};
		9AAC916028CBBEA9002F7E54 /* Views */ = {
			isa = PBXGroup;
			children = (
				9AAC916128CBBEFC002F7E54 /* DetailView.swift */,
				9AAC916928D26C44002F7E54 /* CharView.swift */,
			);
			path = Views;
			sourceTree = "<group>";
		};
		9AAC916F28D3B790002F7E54 /* Settings */ = {
			isa = PBXGroup;
			children = (
				9AAC917028D3B7B6002F7E54 /* Views */,
			);
			path = Settings;
			sourceTree = "<group>";
		};
		9AAC917028D3B7B6002F7E54 /* Views */ = {
			isa = PBXGroup;
			children = (
				9AAC917128D3B7C9002F7E54 /* SettingsView.swift */,
			);
			path = Views;
			sourceTree = "<group>";
		};
		9AEA0FC2289DA10D00CABE84 = {
			isa = PBXGroup;
			children = (
				9AEA0FCD289DA10E00CABE84 /* SwiftfulCrypto */,
				9AEA0FCC289DA10E00CABE84 /* Products */,
			);
			sourceTree = "<group>";
		};
		9AEA0FCC289DA10E00CABE84 /* Products */ = {
			isa = PBXGroup;
			children = (
				9AEA0FCB289DA10E00CABE84 /* Crypto Tracker.app */,
			);
			name = Products;
			sourceTree = "<group>";
		};
		9AEA0FCD289DA10E00CABE84 /* SwiftfulCrypto */ = {
			isa = PBXGroup;
			children = (
				9A948AD228A979E800D22522 /* Utilities */,
				9A948ACF28A5619600D22522 /* Services */,
				9A948AC4289EEBF800D22522 /* Models */,
				9AEA0FDF289DA57B00CABE84 /* Core */,
				9AEA0FDC289DA34C00CABE84 /* Extensions */,
				9AEA0FCE289DA10E00CABE84 /* SwiftfulCryptoApp.swift */,
				9AEA0FD2289DA11000CABE84 /* Assets.xcassets */,
				9AEA0FD4289DA11000CABE84 /* Preview Content */,
			);
			path = SwiftfulCrypto;
			sourceTree = "<group>";
		};
		9AEA0FD4289DA11000CABE84 /* Preview Content */ = {
			isa = PBXGroup;
			children = (
				9AEA0FD5289DA11000CABE84 /* Preview Assets.xcassets */,
			);
			path = "Preview Content";
			sourceTree = "<group>";
		};
		9AEA0FDC289DA34C00CABE84 /* Extensions */ = {
			isa = PBXGroup;
			children = (
				9AEA0FDD289DA36200CABE84 /* Color.swift */,
				9A948AC928A03BC900D22522 /* PreviewProvider.swift */,
				9A948ACB28A040A100D22522 /* Double.swift */,
				9A63E1E028AEB4ED00122416 /* UIApplication.swift */,
				9AAC916B28D272A7002F7E54 /* Date.swift */,
				9AAC916D28D3B0A9002F7E54 /* String.swift */,
			);
			path = Extensions;
			sourceTree = "<group>";
		};
		9AEA0FDF289DA57B00CABE84 /* Core */ = {
			isa = PBXGroup;
			children = (
				9A9A1A5028D7401400ACDF75 /* Launch */,
				9AAC915E28CBBE8D002F7E54 /* Detail */,
				9AEA0FE5289DA67B00CABE84 /* Components */,
				9AEA0FE0289DA58800CABE84 /* Home */,
				9AAC916F28D3B790002F7E54 /* Settings */,
			);
			path = Core;
			sourceTree = "<group>";
		};
		9AEA0FE0289DA58800CABE84 /* Home */ = {
			isa = PBXGroup;
			children = (
				9AEA0FE2289DA59D00CABE84 /* ViewsModels */,
				9AEA0FE1289DA59500CABE84 /* Views */,
			);
			path = Home;
			sourceTree = "<group>";
		};
		9AEA0FE1289DA59500CABE84 /* Views */ = {
			isa = PBXGroup;
			children = (
				9AEA0FE3289DA5C000CABE84 /* HomeView.swift */,
				9A63E1E628B01A3E00122416 /* HomeStatsView.swift */,
				9A948AC728A03B6D00D22522 /* CoinRowView.swift */,
				9A63E1EC28B4014A00122416 /* PortfolioView.swift */,
			);
			path = Views;
			sourceTree = "<group>";
		};
		9AEA0FE2289DA59D00CABE84 /* ViewsModels */ = {
			isa = PBXGroup;
			children = (
				9A948ACD28A1850D00D22522 /* HomeViewModel.swift */,
			);
			path = ViewsModels;
			sourceTree = "<group>";
		};
		9AEA0FE5289DA67B00CABE84 /* Components */ = {
			isa = PBXGroup;
			children = (
				9A948AD528AAD08200D22522 /* CoinImage */,
				9AEA0FE6289DA68C00CABE84 /* CircleButton */,
				9A63E1DE28AEB02400122416 /* SearchBarView.swift */,
				9A63E1E428B0174D00122416 /* StatisticView.swift */,
				9A63E1EE28B4038E00122416 /* XMarkButton.swift */,
			);
			path = Components;
			sourceTree = "<group>";
		};
		9AEA0FE6289DA68C00CABE84 /* CircleButton */ = {
			isa = PBXGroup;
			children = (
				9AEA0FE7289DA6A200CABE84 /* CircleButtonView.swift */,
				9AEA0FE9289DA9B000CABE84 /* CircleButtonAnimationView.swift */,
			);
			path = CircleButton;
			sourceTree = "<group>";
		};
/* End PBXGroup section */

/* Begin PBXNativeTarget section */
		9AEA0FCA289DA10E00CABE84 /* SwiftfulCrypto */ = {
			isa = PBXNativeTarget;
			buildConfigurationList = 9AEA0FD9289DA11000CABE84 /* Build configuration list for PBXNativeTarget "SwiftfulCrypto" */;
			buildPhases = (
				9AEA0FC7289DA10E00CABE84 /* Sources */,
				9AEA0FC8289DA10E00CABE84 /* Frameworks */,
				9AEA0FC9289DA10E00CABE84 /* Resources */,
			);
			buildRules = (
			);
			dependencies = (
			);
			name = SwiftfulCrypto;
			productName = SwiftfulCrypto;
			productReference = 9AEA0FCB289DA10E00CABE84 /* Crypto Tracker.app */;
			productType = "com.apple.product-type.application";
		};
/* End PBXNativeTarget section */

/* Begin PBXProject section */
		9AEA0FC3289DA10D00CABE84 /* Project object */ = {
			isa = PBXProject;
			attributes = {
				BuildIndependentTargetsInParallel = 1;
				LastSwiftUpdateCheck = 1330;
				LastUpgradeCheck = 1330;
				TargetAttributes = {
					9AEA0FCA289DA10E00CABE84 = {
						CreatedOnToolsVersion = 13.3.1;
					};
				};
			};
			buildConfigurationList = 9AEA0FC6289DA10D00CABE84 /* Build configuration list for PBXProject "SwiftfulCrypto" */;
			compatibilityVersion = "Xcode 13.0";
			developmentRegion = en;
			hasScannedForEncodings = 0;
			knownRegions = (
				en,
				Base,
			);
			mainGroup = 9AEA0FC2289DA10D00CABE84;
			productRefGroup = 9AEA0FCC289DA10E00CABE84 /* Products */;
			projectDirPath = "";
			projectRoot = "";
			targets = (
				9AEA0FCA289DA10E00CABE84 /* SwiftfulCrypto */,
			);
		};
/* End PBXProject section */

/* Begin PBXResourcesBuildPhase section */
		9AEA0FC9289DA10E00CABE84 /* Resources */ = {
			isa = PBXResourcesBuildPhase;
			buildActionMask = 2147483647;
			files = (
				9A9A1A5328D7403300ACDF75 /* LaunchScreen.storyboard in Resources */,
				9AEA0FD6289DA11000CABE84 /* Preview Assets.xcassets in Resources */,
				9AEA0FD3289DA11000CABE84 /* Assets.xcassets in Resources */,
			);
			runOnlyForDeploymentPostprocessing = 0;
		};
/* End PBXResourcesBuildPhase section */

/* Begin PBXSourcesBuildPhase section */
		9AEA0FC7289DA10E00CABE84 /* Sources */ = {
			isa = PBXSourcesBuildPhase;
			buildActionMask = 2147483647;
			files = (
				9ABA24CD28BA981200E21A33 /* PortfolioContainer.xcdatamodeld in Sources */,
				9A63E1E328B0163000122416 /* StatisticModel.swift in Sources */,
				9A948AD128A561B700D22522 /* CoinDataService.swift in Sources */,
				9A948AC828A03B6D00D22522 /* CoinRowView.swift in Sources */,
				9A63E1EF28B4038E00122416 /* XMarkButton.swift in Sources */,
				9A948ACE28A1850D00D22522 /* HomeViewModel.swift in Sources */,
				9AAC916C28D272A7002F7E54 /* Date.swift in Sources */,
				9A63E1DD28AC29A300122416 /* LocalFileManager.swift in Sources */,
				9AAC916A28D26C44002F7E54 /* CharView.swift in Sources */,
				9A63E1E928B22F4B00122416 /* MarketDataModel.swift in Sources */,
				9AEA0FE4289DA5C000CABE84 /* HomeView.swift in Sources */,
				9A63E1E528B0174D00122416 /* StatisticView.swift in Sources */,
				9A948AD728AAD09700D22522 /* CoinImageView.swift in Sources */,
				9AEA0FCF289DA10E00CABE84 /* SwiftfulCryptoApp.swift in Sources */,
				9A63E1E128AEB4ED00122416 /* UIApplication.swift in Sources */,
				9A9A1A5528D742DF00ACDF75 /* LaunchView.swift in Sources */,
				9AEA0FE8289DA6A200CABE84 /* CircleButtonView.swift in Sources */,
				9AEA0FDE289DA36200CABE84 /* Color.swift in Sources */,
				9AAC916228CBBEFC002F7E54 /* DetailView.swift in Sources */,
				9AAC915D28C67B1C002F7E54 /* HapticManager.swift in Sources */,
				9A63E1DF28AEB02400122416 /* SearchBarView.swift in Sources */,
				9A948AD428A97A1400D22522 /* NetworkingManager.swift in Sources */,
				9A63E1F128B4084B00122416 /* CoinLogoView.swift in Sources */,
				9A63E1E728B01A3E00122416 /* HomeStatsView.swift in Sources */,
				9A63E1EB28B2331900122416 /* MarketDataService.swift in Sources */,
				9AEA0FEA289DA9B000CABE84 /* CircleButtonAnimationView.swift in Sources */,
				9A948ADB28AAD3CC00D22522 /* CoinImageViewModel.swift in Sources */,
				9AAC916E28D3B0A9002F7E54 /* String.swift in Sources */,
				9A948ACA28A03BC900D22522 /* PreviewProvider.swift in Sources */,
				9A63E1ED28B4014A00122416 /* PortfolioView.swift in Sources */,
				9A948ACC28A040A100D22522 /* Double.swift in Sources */,
				9A948AD928AAD26600D22522 /* CoinImageService.swift in Sources */,
				9AAC916428CE410F002F7E54 /* CoinDetailModel.swift in Sources */,
				9A948AC6289EEC1000D22522 /* CoinModel.swift in Sources */,
				9AAC916828CE454E002F7E54 /* CoinDetailDataService.swift in Sources */,
				9AAC916628CE450C002F7E54 /* DetailViewModel.swift in Sources */,
				9ABA24CF28BA98DB00E21A33 /* PortfolioDataService.swift in Sources */,
				9AAC917228D3B7C9002F7E54 /* SettingsView.swift in Sources */,
			);
			runOnlyForDeploymentPostprocessing = 0;
		};
/* End PBXSourcesBuildPhase section */

/* Begin XCBuildConfiguration section */
		9AEA0FD7289DA11000CABE84 /* Debug */ = {
			isa = XCBuildConfiguration;
			buildSettings = {
				ALWAYS_SEARCH_USER_PATHS = NO;
				CLANG_ANALYZER_NONNULL = YES;
				CLANG_ANALYZER_NUMBER_OBJECT_CONVERSION = YES_AGGRESSIVE;
				CLANG_CXX_LANGUAGE_STANDARD = "gnu++17";
				CLANG_ENABLE_MODULES = YES;
				CLANG_ENABLE_OBJC_ARC = YES;
				CLANG_ENABLE_OBJC_WEAK = YES;
				CLANG_WARN_BLOCK_CAPTURE_AUTORELEASING = YES;
				CLANG_WARN_BOOL_CONVERSION = YES;
				CLANG_WARN_COMMA = YES;
				CLANG_WARN_CONSTANT_CONVERSION = YES;
				CLANG_WARN_DEPRECATED_OBJC_IMPLEMENTATIONS = YES;
				CLANG_WARN_DIRECT_OBJC_ISA_USAGE = YES_ERROR;
				CLANG_WARN_DOCUMENTATION_COMMENTS = YES;
				CLANG_WARN_EMPTY_BODY = YES;
				CLANG_WARN_ENUM_CONVERSION = YES;
				CLANG_WARN_INFINITE_RECURSION = YES;
				CLANG_WARN_INT_CONVERSION = YES;
				CLANG_WARN_NON_LITERAL_NULL_CONVERSION = YES;
				CLANG_WARN_OBJC_IMPLICIT_RETAIN_SELF = YES;
				CLANG_WARN_OBJC_LITERAL_CONVERSION = YES;
				CLANG_WARN_OBJC_ROOT_CLASS = YES_ERROR;
				CLANG_WARN_QUOTED_INCLUDE_IN_FRAMEWORK_HEADER = YES;
				CLANG_WARN_RANGE_LOOP_ANALYSIS = YES;
				CLANG_WARN_STRICT_PROTOTYPES = YES;
				CLANG_WARN_SUSPICIOUS_MOVE = YES;
				CLANG_WARN_UNGUARDED_AVAILABILITY = YES_AGGRESSIVE;
				CLANG_WARN_UNREACHABLE_CODE = YES;
				CLANG_WARN__DUPLICATE_METHOD_MATCH = YES;
				COPY_PHASE_STRIP = NO;
				DEBUG_INFORMATION_FORMAT = dwarf;
				ENABLE_STRICT_OBJC_MSGSEND = YES;
				ENABLE_TESTABILITY = YES;
				GCC_C_LANGUAGE_STANDARD = gnu11;
				GCC_DYNAMIC_NO_PIC = NO;
				GCC_NO_COMMON_BLOCKS = YES;
				GCC_OPTIMIZATION_LEVEL = 0;
				GCC_PREPROCESSOR_DEFINITIONS = (
					"DEBUG=1",
					"$(inherited)",
				);
				GCC_WARN_64_TO_32_BIT_CONVERSION = YES;
				GCC_WARN_ABOUT_RETURN_TYPE = YES_ERROR;
				GCC_WARN_UNDECLARED_SELECTOR = YES;
				GCC_WARN_UNINITIALIZED_AUTOS = YES_AGGRESSIVE;
				GCC_WARN_UNUSED_FUNCTION = YES;
				GCC_WARN_UNUSED_VARIABLE = YES;
				IPHONEOS_DEPLOYMENT_TARGET = 15.4;
				MTL_ENABLE_DEBUG_INFO = INCLUDE_SOURCE;
				MTL_FAST_MATH = YES;
				ONLY_ACTIVE_ARCH = YES;
				SDKROOT = iphoneos;
				SWIFT_ACTIVE_COMPILATION_CONDITIONS = DEBUG;
				SWIFT_OPTIMIZATION_LEVEL = "-Onone";
			};
			name = Debug;
		};
		9AEA0FD8289DA11000CABE84 /* Release */ = {
			isa = XCBuildConfiguration;
			buildSettings = {
				ALWAYS_SEARCH_USER_PATHS = NO;
				CLANG_ANALYZER_NONNULL = YES;
				CLANG_ANALYZER_NUMBER_OBJECT_CONVERSION = YES_AGGRESSIVE;
				CLANG_CXX_LANGUAGE_STANDARD = "gnu++17";
				CLANG_ENABLE_MODULES = YES;
				CLANG_ENABLE_OBJC_ARC = YES;
				CLANG_ENABLE_OBJC_WEAK = YES;
				CLANG_WARN_BLOCK_CAPTURE_AUTORELEASING = YES;
				CLANG_WARN_BOOL_CONVERSION = YES;
				CLANG_WARN_COMMA = YES;
				CLANG_WARN_CONSTANT_CONVERSION = YES;
				CLANG_WARN_DEPRECATED_OBJC_IMPLEMENTATIONS = YES;
				CLANG_WARN_DIRECT_OBJC_ISA_USAGE = YES_ERROR;
				CLANG_WARN_DOCUMENTATION_COMMENTS = YES;
				CLANG_WARN_EMPTY_BODY = YES;
				CLANG_WARN_ENUM_CONVERSION = YES;
				CLANG_WARN_INFINITE_RECURSION = YES;
				CLANG_WARN_INT_CONVERSION = YES;
				CLANG_WARN_NON_LITERAL_NULL_CONVERSION = YES;
				CLANG_WARN_OBJC_IMPLICIT_RETAIN_SELF = YES;
				CLANG_WARN_OBJC_LITERAL_CONVERSION = YES;
				CLANG_WARN_OBJC_ROOT_CLASS = YES_ERROR;
				CLANG_WARN_QUOTED_INCLUDE_IN_FRAMEWORK_HEADER = YES;
				CLANG_WARN_RANGE_LOOP_ANALYSIS = YES;
				CLANG_WARN_STRICT_PROTOTYPES = YES;
				CLANG_WARN_SUSPICIOUS_MOVE = YES;
				CLANG_WARN_UNGUARDED_AVAILABILITY = YES_AGGRESSIVE;
				CLANG_WARN_UNREACHABLE_CODE = YES;
				CLANG_WARN__DUPLICATE_METHOD_MATCH = YES;
				COPY_PHASE_STRIP = NO;
				DEBUG_INFORMATION_FORMAT = "dwarf-with-dsym";
				ENABLE_NS_ASSERTIONS = NO;
				ENABLE_STRICT_OBJC_MSGSEND = YES;
				GCC_C_LANGUAGE_STANDARD = gnu11;
				GCC_NO_COMMON_BLOCKS = YES;
				GCC_WARN_64_TO_32_BIT_CONVERSION = YES;
				GCC_WARN_ABOUT_RETURN_TYPE = YES_ERROR;
				GCC_WARN_UNDECLARED_SELECTOR = YES;
				GCC_WARN_UNINITIALIZED_AUTOS = YES_AGGRESSIVE;
				GCC_WARN_UNUSED_FUNCTION = YES;
				GCC_WARN_UNUSED_VARIABLE = YES;
				IPHONEOS_DEPLOYMENT_TARGET = 15.4;
				MTL_ENABLE_DEBUG_INFO = NO;
				MTL_FAST_MATH = YES;
				SDKROOT = iphoneos;
				SWIFT_COMPILATION_MODE = wholemodule;
				SWIFT_OPTIMIZATION_LEVEL = "-O";
				VALIDATE_PRODUCT = YES;
			};
			name = Release;
		};
		9AEA0FDA289DA11000CABE84 /* Debug */ = {
			isa = XCBuildConfiguration;
			buildSettings = {
				ASSETCATALOG_COMPILER_APPICON_NAME = AppIcon;
				ASSETCATALOG_COMPILER_GLOBAL_ACCENT_COLOR_NAME = AccentColor;
				CODE_SIGN_STYLE = Automatic;
				CURRENT_PROJECT_VERSION = 1;
				DEVELOPMENT_ASSET_PATHS = "\"SwiftfulCrypto/Preview Content\"";
				DEVELOPMENT_TEAM = 48RSDSQJLU;
				ENABLE_PREVIEWS = YES;
				GENERATE_INFOPLIST_FILE = YES;
				INFOPLIST_KEY_UIApplicationSceneManifest_Generation = YES;
				INFOPLIST_KEY_UIApplicationSupportsIndirectInputEvents = YES;
				INFOPLIST_KEY_UILaunchStoryboardName = LaunchScreen;
				INFOPLIST_KEY_UISupportedInterfaceOrientations = UIInterfaceOrientationPortrait;
				INFOPLIST_KEY_UISupportedInterfaceOrientations_iPad = "UIInterfaceOrientationPortrait UIInterfaceOrientationPortraitUpsideDown UIInterfaceOrientationLandscapeLeft UIInterfaceOrientationLandscapeRight";
				INFOPLIST_KEY_UISupportedInterfaceOrientations_iPhone = "UIInterfaceOrientationPortrait UIInterfaceOrientationLandscapeLeft UIInterfaceOrientationLandscapeRight";
				LD_RUNPATH_SEARCH_PATHS = (
					"$(inherited)",
					"@executable_path/Frameworks",
				);
				MARKETING_VERSION = 1.0;
				PRODUCT_BUNDLE_IDENTIFIER = dragonscry.SwiftfulCrypto;
				PRODUCT_NAME = "Crypto Tracker";
				SWIFT_EMIT_LOC_STRINGS = YES;
				SWIFT_VERSION = 5.0;
				TARGETED_DEVICE_FAMILY = "1,2";
			};
			name = Debug;
		};
		9AEA0FDB289DA11000CABE84 /* Release */ = {
			isa = XCBuildConfiguration;
			buildSettings = {
				ASSETCATALOG_COMPILER_APPICON_NAME = AppIcon;
				ASSETCATALOG_COMPILER_GLOBAL_ACCENT_COLOR_NAME = AccentColor;
				CODE_SIGN_STYLE = Automatic;
				CURRENT_PROJECT_VERSION = 1;
				DEVELOPMENT_ASSET_PATHS = "\"SwiftfulCrypto/Preview Content\"";
				DEVELOPMENT_TEAM = 48RSDSQJLU;
				ENABLE_PREVIEWS = YES;
				GENERATE_INFOPLIST_FILE = YES;
				INFOPLIST_KEY_UIApplicationSceneManifest_Generation = YES;
				INFOPLIST_KEY_UIApplicationSupportsIndirectInputEvents = YES;
				INFOPLIST_KEY_UILaunchStoryboardName = LaunchScreen;
				INFOPLIST_KEY_UISupportedInterfaceOrientations = UIInterfaceOrientationPortrait;
				INFOPLIST_KEY_UISupportedInterfaceOrientations_iPad = "UIInterfaceOrientationPortrait UIInterfaceOrientationPortraitUpsideDown UIInterfaceOrientationLandscapeLeft UIInterfaceOrientationLandscapeRight";
				INFOPLIST_KEY_UISupportedInterfaceOrientations_iPhone = "UIInterfaceOrientationPortrait UIInterfaceOrientationLandscapeLeft UIInterfaceOrientationLandscapeRight";
				LD_RUNPATH_SEARCH_PATHS = (
					"$(inherited)",
					"@executable_path/Frameworks",
				);
				MARKETING_VERSION = 1.0;
				PRODUCT_BUNDLE_IDENTIFIER = dragonscry.SwiftfulCrypto;
				PRODUCT_NAME = "Crypto Tracker";
				SWIFT_EMIT_LOC_STRINGS = YES;
				SWIFT_VERSION = 5.0;
				TARGETED_DEVICE_FAMILY = "1,2";
			};
			name = Release;
		};
/* End XCBuildConfiguration section */

/* Begin XCConfigurationList section */
		9AEA0FC6289DA10D00CABE84 /* Build configuration list for PBXProject "SwiftfulCrypto" */ = {
			isa = XCConfigurationList;
			buildConfigurations = (
				9AEA0FD7289DA11000CABE84 /* Debug */,
				9AEA0FD8289DA11000CABE84 /* Release */,
			);
			defaultConfigurationIsVisible = 0;
			defaultConfigurationName = Release;
		};
		9AEA0FD9289DA11000CABE84 /* Build configuration list for PBXNativeTarget "SwiftfulCrypto" */ = {
			isa = XCConfigurationList;
			buildConfigurations = (
				9AEA0FDA289DA11000CABE84 /* Debug */,
				9AEA0FDB289DA11000CABE84 /* Release */,
			);
			defaultConfigurationIsVisible = 0;
			defaultConfigurationName = Release;
		};
/* End XCConfigurationList section */

/* Begin XCVersionGroup section */
		9ABA24CB28BA981200E21A33 /* PortfolioContainer.xcdatamodeld */ = {
			isa = XCVersionGroup;
			children = (
				9ABA24CC28BA981200E21A33 /* PortfolioContainer.xcdatamodel */,
			);
			currentVersion = 9ABA24CC28BA981200E21A33 /* PortfolioContainer.xcdatamodel */;
			path = PortfolioContainer.xcdatamodeld;
			sourceTree = "<group>";
			versionGroupType = wrapper.xcdatamodel;
		};
/* End XCVersionGroup section */
	};
	rootObject = 9AEA0FC3289DA10D00CABE84 /* Project object */;
}
