// !$*UTF8*$!
{
	archiveVersion = 1;
	classes = {
	};
	objectVersion = 55;
	objects = {

/* Begin PBXBuildFile section */
		9A3C675827EA62620060B57B /* GradiensBootcamp.swift in Sources */ = {isa = PBXBuildFile; fileRef = 9A3C675727EA62620060B57B /* GradiensBootcamp.swift */; };
		9A3C675A27EBC8B30060B57B /* IconsBootcamp.swift in Sources */ = {isa = PBXBuildFile; fileRef = 9A3C675927EBC8B30060B57B /* IconsBootcamp.swift */; };
		9A3C675C27ED1CFF0060B57B /* ImageBootcamp.swift in Sources */ = {isa = PBXBuildFile; fileRef = 9A3C675B27ED1CFF0060B57B /* ImageBootcamp.swift */; };
		9A3C675E27EE70710060B57B /* FrameBootcamp.swift in Sources */ = {isa = PBXBuildFile; fileRef = 9A3C675D27EE70710060B57B /* FrameBootcamp.swift */; };
		9A3C676027EFA9EF0060B57B /* BackgroundAndOverlayBootcamp.swift in Sources */ = {isa = PBXBuildFile; fileRef = 9A3C675F27EFA9EF0060B57B /* BackgroundAndOverlayBootcamp.swift */; };
		9A3C676227F0FC470060B57B /* StackBootcamp.swift in Sources */ = {isa = PBXBuildFile; fileRef = 9A3C676127F0FC470060B57B /* StackBootcamp.swift */; };
		9A3C676427F2383D0060B57B /* PaddingAndSpacerBootcamp.swift in Sources */ = {isa = PBXBuildFile; fileRef = 9A3C676327F2383D0060B57B /* PaddingAndSpacerBootcamp.swift */; };
		9A3C676627F4EBF10060B57B /* InitBootcamp.swift in Sources */ = {isa = PBXBuildFile; fileRef = 9A3C676527F4EBF10060B57B /* InitBootcamp.swift */; };
		9A3C676827F63DC90060B57B /* ForEachBootcamp.swift in Sources */ = {isa = PBXBuildFile; fileRef = 9A3C676727F63DC90060B57B /* ForEachBootcamp.swift */; };
		9A3C676A27F8DD200060B57B /* LazyVGridBootcamp.swift in Sources */ = {isa = PBXBuildFile; fileRef = 9A3C676927F8DD200060B57B /* LazyVGridBootcamp.swift */; };
		9A3C676C27F8DD840060B57B /* ScrollViewBootcamp.swift in Sources */ = {isa = PBXBuildFile; fileRef = 9A3C676B27F8DD840060B57B /* ScrollViewBootcamp.swift */; };
		9A3C676E27FCCCEC0060B57B /* SafeAreaBootcamp.swift in Sources */ = {isa = PBXBuildFile; fileRef = 9A3C676D27FCCCEC0060B57B /* SafeAreaBootcamp.swift */; };
		9ACE212027E7D6E300B38913 /* BootcampCourseApp.swift in Sources */ = {isa = PBXBuildFile; fileRef = 9ACE211F27E7D6E300B38913 /* BootcampCourseApp.swift */; };
		9ACE212227E7D6E300B38913 /* ContentView.swift in Sources */ = {isa = PBXBuildFile; fileRef = 9ACE212127E7D6E300B38913 /* ContentView.swift */; };
		9ACE212427E7D6E600B38913 /* Assets.xcassets in Resources */ = {isa = PBXBuildFile; fileRef = 9ACE212327E7D6E600B38913 /* Assets.xcassets */; };
		9ACE212727E7D6E600B38913 /* Preview Assets.xcassets in Resources */ = {isa = PBXBuildFile; fileRef = 9ACE212627E7D6E600B38913 /* Preview Assets.xcassets */; };
		9ACE212E27E7D6FA00B38913 /* TextBootcamp.swift in Sources */ = {isa = PBXBuildFile; fileRef = 9ACE212D27E7D6FA00B38913 /* TextBootcamp.swift */; };
		9ACE213027E86D5600B38913 /* ShapesBootcamp.swift in Sources */ = {isa = PBXBuildFile; fileRef = 9ACE212F27E86D5600B38913 /* ShapesBootcamp.swift */; };
		9ACE213227E872AB00B38913 /* ColorsBootcamp.swift in Sources */ = {isa = PBXBuildFile; fileRef = 9ACE213127E872AB00B38913 /* ColorsBootcamp.swift */; };
/* End PBXBuildFile section */

/* Begin PBXFileReference section */
		9A3C675727EA62620060B57B /* GradiensBootcamp.swift */ = {isa = PBXFileReference; lastKnownFileType = sourcecode.swift; path = GradiensBootcamp.swift; sourceTree = "<group>"; };
		9A3C675927EBC8B30060B57B /* IconsBootcamp.swift */ = {isa = PBXFileReference; lastKnownFileType = sourcecode.swift; path = IconsBootcamp.swift; sourceTree = "<group>"; };
		9A3C675B27ED1CFF0060B57B /* ImageBootcamp.swift */ = {isa = PBXFileReference; lastKnownFileType = sourcecode.swift; path = ImageBootcamp.swift; sourceTree = "<group>"; };
		9A3C675D27EE70710060B57B /* FrameBootcamp.swift */ = {isa = PBXFileReference; lastKnownFileType = sourcecode.swift; path = FrameBootcamp.swift; sourceTree = "<group>"; };
		9A3C675F27EFA9EF0060B57B /* BackgroundAndOverlayBootcamp.swift */ = {isa = PBXFileReference; lastKnownFileType = sourcecode.swift; path = BackgroundAndOverlayBootcamp.swift; sourceTree = "<group>"; };
		9A3C676127F0FC470060B57B /* StackBootcamp.swift */ = {isa = PBXFileReference; lastKnownFileType = sourcecode.swift; path = StackBootcamp.swift; sourceTree = "<group>"; };
		9A3C676327F2383D0060B57B /* PaddingAndSpacerBootcamp.swift */ = {isa = PBXFileReference; lastKnownFileType = sourcecode.swift; path = PaddingAndSpacerBootcamp.swift; sourceTree = "<group>"; };
		9A3C676527F4EBF10060B57B /* InitBootcamp.swift */ = {isa = PBXFileReference; lastKnownFileType = sourcecode.swift; path = InitBootcamp.swift; sourceTree = "<group>"; };
		9A3C676727F63DC90060B57B /* ForEachBootcamp.swift */ = {isa = PBXFileReference; lastKnownFileType = sourcecode.swift; path = ForEachBootcamp.swift; sourceTree = "<group>"; };
		9A3C676927F8DD200060B57B /* LazyVGridBootcamp.swift */ = {isa = PBXFileReference; lastKnownFileType = sourcecode.swift; path = LazyVGridBootcamp.swift; sourceTree = "<group>"; };
		9A3C676B27F8DD840060B57B /* ScrollViewBootcamp.swift */ = {isa = PBXFileReference; lastKnownFileType = sourcecode.swift; path = ScrollViewBootcamp.swift; sourceTree = "<group>"; };
		9A3C676D27FCCCEC0060B57B /* SafeAreaBootcamp.swift */ = {isa = PBXFileReference; lastKnownFileType = sourcecode.swift; path = SafeAreaBootcamp.swift; sourceTree = "<group>"; };
		9ACE211C27E7D6E300B38913 /* BootcampCourse.app */ = {isa = PBXFileReference; explicitFileType = wrapper.application; includeInIndex = 0; path = BootcampCourse.app; sourceTree = BUILT_PRODUCTS_DIR; };
		9ACE211F27E7D6E300B38913 /* BootcampCourseApp.swift */ = {isa = PBXFileReference; lastKnownFileType = sourcecode.swift; path = BootcampCourseApp.swift; sourceTree = "<group>"; };
		9ACE212127E7D6E300B38913 /* ContentView.swift */ = {isa = PBXFileReference; lastKnownFileType = sourcecode.swift; path = ContentView.swift; sourceTree = "<group>"; };
		9ACE212327E7D6E600B38913 /* Assets.xcassets */ = {isa = PBXFileReference; lastKnownFileType = folder.assetcatalog; path = Assets.xcassets; sourceTree = "<group>"; };
		9ACE212627E7D6E600B38913 /* Preview Assets.xcassets */ = {isa = PBXFileReference; lastKnownFileType = folder.assetcatalog; path = "Preview Assets.xcassets"; sourceTree = "<group>"; };
		9ACE212D27E7D6FA00B38913 /* TextBootcamp.swift */ = {isa = PBXFileReference; lastKnownFileType = sourcecode.swift; path = TextBootcamp.swift; sourceTree = "<group>"; };
		9ACE212F27E86D5600B38913 /* ShapesBootcamp.swift */ = {isa = PBXFileReference; lastKnownFileType = sourcecode.swift; path = ShapesBootcamp.swift; sourceTree = "<group>"; };
		9ACE213127E872AB00B38913 /* ColorsBootcamp.swift */ = {isa = PBXFileReference; lastKnownFileType = sourcecode.swift; path = ColorsBootcamp.swift; sourceTree = "<group>"; };
/* End PBXFileReference section */

/* Begin PBXFrameworksBuildPhase section */
		9ACE211927E7D6E300B38913 /* Frameworks */ = {
			isa = PBXFrameworksBuildPhase;
			buildActionMask = 2147483647;
			files = (
			);
			runOnlyForDeploymentPostprocessing = 0;
		};
/* End PBXFrameworksBuildPhase section */

/* Begin PBXGroup section */
		9ACE211327E7D6E300B38913 = {
			isa = PBXGroup;
			children = (
				9ACE211E27E7D6E300B38913 /* BootcampCourse */,
				9ACE211D27E7D6E300B38913 /* Products */,
			);
			sourceTree = "<group>";
		};
		9ACE211D27E7D6E300B38913 /* Products */ = {
			isa = PBXGroup;
			children = (
				9ACE211C27E7D6E300B38913 /* BootcampCourse.app */,
			);
			name = Products;
			sourceTree = "<group>";
		};
		9ACE211E27E7D6E300B38913 /* BootcampCourse */ = {
			isa = PBXGroup;
			children = (
				9ACE211F27E7D6E300B38913 /* BootcampCourseApp.swift */,
				9ACE212127E7D6E300B38913 /* ContentView.swift */,
				9ACE212D27E7D6FA00B38913 /* TextBootcamp.swift */,
				9ACE212F27E86D5600B38913 /* ShapesBootcamp.swift */,
				9ACE213127E872AB00B38913 /* ColorsBootcamp.swift */,
				9A3C675727EA62620060B57B /* GradiensBootcamp.swift */,
				9A3C675927EBC8B30060B57B /* IconsBootcamp.swift */,
				9A3C675B27ED1CFF0060B57B /* ImageBootcamp.swift */,
				9A3C675D27EE70710060B57B /* FrameBootcamp.swift */,
				9A3C675F27EFA9EF0060B57B /* BackgroundAndOverlayBootcamp.swift */,
				9A3C676127F0FC470060B57B /* StackBootcamp.swift */,
				9A3C676327F2383D0060B57B /* PaddingAndSpacerBootcamp.swift */,
				9A3C676527F4EBF10060B57B /* InitBootcamp.swift */,
				9A3C676727F63DC90060B57B /* ForEachBootcamp.swift */,
				9A3C676927F8DD200060B57B /* LazyVGridBootcamp.swift */,
				9A3C676D27FCCCEC0060B57B /* SafeAreaBootcamp.swift */,
				9A3C676B27F8DD840060B57B /* ScrollViewBootcamp.swift */,
				9ACE212327E7D6E600B38913 /* Assets.xcassets */,
				9ACE212527E7D6E600B38913 /* Preview Content */,
			);
			path = BootcampCourse;
			sourceTree = "<group>";
		};
		9ACE212527E7D6E600B38913 /* Preview Content */ = {
			isa = PBXGroup;
			children = (
				9ACE212627E7D6E600B38913 /* Preview Assets.xcassets */,
			);
			path = "Preview Content";
			sourceTree = "<group>";
		};
/* End PBXGroup section */

/* Begin PBXNativeTarget section */
		9ACE211B27E7D6E300B38913 /* BootcampCourse */ = {
			isa = PBXNativeTarget;
			buildConfigurationList = 9ACE212A27E7D6E600B38913 /* Build configuration list for PBXNativeTarget "BootcampCourse" */;
			buildPhases = (
				9ACE211827E7D6E300B38913 /* Sources */,
				9ACE211927E7D6E300B38913 /* Frameworks */,
				9ACE211A27E7D6E300B38913 /* Resources */,
			);
			buildRules = (
			);
			dependencies = (
			);
			name = BootcampCourse;
			productName = BootcampCourse;
			productReference = 9ACE211C27E7D6E300B38913 /* BootcampCourse.app */;
			productType = "com.apple.product-type.application";
		};
/* End PBXNativeTarget section */

/* Begin PBXProject section */
		9ACE211427E7D6E300B38913 /* Project object */ = {
			isa = PBXProject;
			attributes = {
				BuildIndependentTargetsInParallel = 1;
				LastSwiftUpdateCheck = 1330;
				LastUpgradeCheck = 1330;
				TargetAttributes = {
					9ACE211B27E7D6E300B38913 = {
						CreatedOnToolsVersion = 13.3;
					};
				};
			};
			buildConfigurationList = 9ACE211727E7D6E300B38913 /* Build configuration list for PBXProject "BootcampCourse" */;
			compatibilityVersion = "Xcode 13.0";
			developmentRegion = en;
			hasScannedForEncodings = 0;
			knownRegions = (
				en,
				Base,
			);
			mainGroup = 9ACE211327E7D6E300B38913;
			productRefGroup = 9ACE211D27E7D6E300B38913 /* Products */;
			projectDirPath = "";
			projectRoot = "";
			targets = (
				9ACE211B27E7D6E300B38913 /* BootcampCourse */,
			);
		};
/* End PBXProject section */

/* Begin PBXResourcesBuildPhase section */
		9ACE211A27E7D6E300B38913 /* Resources */ = {
			isa = PBXResourcesBuildPhase;
			buildActionMask = 2147483647;
			files = (
				9ACE212727E7D6E600B38913 /* Preview Assets.xcassets in Resources */,
				9ACE212427E7D6E600B38913 /* Assets.xcassets in Resources */,
			);
			runOnlyForDeploymentPostprocessing = 0;
		};
/* End PBXResourcesBuildPhase section */

/* Begin PBXSourcesBuildPhase section */
		9ACE211827E7D6E300B38913 /* Sources */ = {
			isa = PBXSourcesBuildPhase;
			buildActionMask = 2147483647;
			files = (
				9ACE213227E872AB00B38913 /* ColorsBootcamp.swift in Sources */,
				9A3C676027EFA9EF0060B57B /* BackgroundAndOverlayBootcamp.swift in Sources */,
				9A3C676C27F8DD840060B57B /* ScrollViewBootcamp.swift in Sources */,
				9A3C676427F2383D0060B57B /* PaddingAndSpacerBootcamp.swift in Sources */,
				9ACE213027E86D5600B38913 /* ShapesBootcamp.swift in Sources */,
				9A3C676A27F8DD200060B57B /* LazyVGridBootcamp.swift in Sources */,
				9A3C675E27EE70710060B57B /* FrameBootcamp.swift in Sources */,
				9ACE212227E7D6E300B38913 /* ContentView.swift in Sources */,
				9A3C676E27FCCCEC0060B57B /* SafeAreaBootcamp.swift in Sources */,
				9ACE212E27E7D6FA00B38913 /* TextBootcamp.swift in Sources */,
				9ACE212027E7D6E300B38913 /* BootcampCourseApp.swift in Sources */,
				9A3C676227F0FC470060B57B /* StackBootcamp.swift in Sources */,
				9A3C675827EA62620060B57B /* GradiensBootcamp.swift in Sources */,
				9A3C675C27ED1CFF0060B57B /* ImageBootcamp.swift in Sources */,
				9A3C676827F63DC90060B57B /* ForEachBootcamp.swift in Sources */,
				9A3C676627F4EBF10060B57B /* InitBootcamp.swift in Sources */,
				9A3C675A27EBC8B30060B57B /* IconsBootcamp.swift in Sources */,
			);
			runOnlyForDeploymentPostprocessing = 0;
		};
/* End PBXSourcesBuildPhase section */

/* Begin XCBuildConfiguration section */
		9ACE212827E7D6E600B38913 /* Debug */ = {
			isa = XCBuildConfiguration;
			buildSettings = {
				ALWAYS_SEARCH_USER_PATHS = NO;
				CLANG_ANALYZER_NONNULL = YES;
				CLANG_ANALYZER_NUMBER_OBJECT_CONVERSION = YES_AGGRESSIVE;
				CLANG_CXX_LANGUAGE_STANDARD = "gnu++17";
				CLANG_ENABLE_MODULES = YES;
				CLANG_ENABLE_OBJC_ARC = YES;
				CLANG_ENABLE_OBJC_WEAK = YES;
				CLANG_WARN_BLOCK_CAPTURE_AUTORELEASING = YES;
				CLANG_WARN_BOOL_CONVERSION = YES;
				CLANG_WARN_COMMA = YES;
				CLANG_WARN_CONSTANT_CONVERSION = YES;
				CLANG_WARN_DEPRECATED_OBJC_IMPLEMENTATIONS = YES;
				CLANG_WARN_DIRECT_OBJC_ISA_USAGE = YES_ERROR;
				CLANG_WARN_DOCUMENTATION_COMMENTS = YES;
				CLANG_WARN_EMPTY_BODY = YES;
				CLANG_WARN_ENUM_CONVERSION = YES;
				CLANG_WARN_INFINITE_RECURSION = YES;
				CLANG_WARN_INT_CONVERSION = YES;
				CLANG_WARN_NON_LITERAL_NULL_CONVERSION = YES;
				CLANG_WARN_OBJC_IMPLICIT_RETAIN_SELF = YES;
				CLANG_WARN_OBJC_LITERAL_CONVERSION = YES;
				CLANG_WARN_OBJC_ROOT_CLASS = YES_ERROR;
				CLANG_WARN_QUOTED_INCLUDE_IN_FRAMEWORK_HEADER = YES;
				CLANG_WARN_RANGE_LOOP_ANALYSIS = YES;
				CLANG_WARN_STRICT_PROTOTYPES = YES;
				CLANG_WARN_SUSPICIOUS_MOVE = YES;
				CLANG_WARN_UNGUARDED_AVAILABILITY = YES_AGGRESSIVE;
				CLANG_WARN_UNREACHABLE_CODE = YES;
				CLANG_WARN__DUPLICATE_METHOD_MATCH = YES;
				COPY_PHASE_STRIP = NO;
				DEBUG_INFORMATION_FORMAT = dwarf;
				ENABLE_STRICT_OBJC_MSGSEND = YES;
				ENABLE_TESTABILITY = YES;
				GCC_C_LANGUAGE_STANDARD = gnu11;
				GCC_DYNAMIC_NO_PIC = NO;
				GCC_NO_COMMON_BLOCKS = YES;
				GCC_OPTIMIZATION_LEVEL = 0;
				GCC_PREPROCESSOR_DEFINITIONS = (
					"DEBUG=1",
					"$(inherited)",
				);
				GCC_WARN_64_TO_32_BIT_CONVERSION = YES;
				GCC_WARN_ABOUT_RETURN_TYPE = YES_ERROR;
				GCC_WARN_UNDECLARED_SELECTOR = YES;
				GCC_WARN_UNINITIALIZED_AUTOS = YES_AGGRESSIVE;
				GCC_WARN_UNUSED_FUNCTION = YES;
				GCC_WARN_UNUSED_VARIABLE = YES;
				IPHONEOS_DEPLOYMENT_TARGET = 15.4;
				MTL_ENABLE_DEBUG_INFO = INCLUDE_SOURCE;
				MTL_FAST_MATH = YES;
				ONLY_ACTIVE_ARCH = YES;
				SDKROOT = iphoneos;
				SWIFT_ACTIVE_COMPILATION_CONDITIONS = DEBUG;
				SWIFT_OPTIMIZATION_LEVEL = "-Onone";
			};
			name = Debug;
		};
		9ACE212927E7D6E600B38913 /* Release */ = {
			isa = XCBuildConfiguration;
			buildSettings = {
				ALWAYS_SEARCH_USER_PATHS = NO;
				CLANG_ANALYZER_NONNULL = YES;
				CLANG_ANALYZER_NUMBER_OBJECT_CONVERSION = YES_AGGRESSIVE;
				CLANG_CXX_LANGUAGE_STANDARD = "gnu++17";
				CLANG_ENABLE_MODULES = YES;
				CLANG_ENABLE_OBJC_ARC = YES;
				CLANG_ENABLE_OBJC_WEAK = YES;
				CLANG_WARN_BLOCK_CAPTURE_AUTORELEASING = YES;
				CLANG_WARN_BOOL_CONVERSION = YES;
				CLANG_WARN_COMMA = YES;
				CLANG_WARN_CONSTANT_CONVERSION = YES;
				CLANG_WARN_DEPRECATED_OBJC_IMPLEMENTATIONS = YES;
				CLANG_WARN_DIRECT_OBJC_ISA_USAGE = YES_ERROR;
				CLANG_WARN_DOCUMENTATION_COMMENTS = YES;
				CLANG_WARN_EMPTY_BODY = YES;
				CLANG_WARN_ENUM_CONVERSION = YES;
				CLANG_WARN_INFINITE_RECURSION = YES;
				CLANG_WARN_INT_CONVERSION = YES;
				CLANG_WARN_NON_LITERAL_NULL_CONVERSION = YES;
				CLANG_WARN_OBJC_IMPLICIT_RETAIN_SELF = YES;
				CLANG_WARN_OBJC_LITERAL_CONVERSION = YES;
				CLANG_WARN_OBJC_ROOT_CLASS = YES_ERROR;
				CLANG_WARN_QUOTED_INCLUDE_IN_FRAMEWORK_HEADER = YES;
				CLANG_WARN_RANGE_LOOP_ANALYSIS = YES;
				CLANG_WARN_STRICT_PROTOTYPES = YES;
				CLANG_WARN_SUSPICIOUS_MOVE = YES;
				CLANG_WARN_UNGUARDED_AVAILABILITY = YES_AGGRESSIVE;
				CLANG_WARN_UNREACHABLE_CODE = YES;
				CLANG_WARN__DUPLICATE_METHOD_MATCH = YES;
				COPY_PHASE_STRIP = NO;
				DEBUG_INFORMATION_FORMAT = "dwarf-with-dsym";
				ENABLE_NS_ASSERTIONS = NO;
				ENABLE_STRICT_OBJC_MSGSEND = YES;
				GCC_C_LANGUAGE_STANDARD = gnu11;
				GCC_NO_COMMON_BLOCKS = YES;
				GCC_WARN_64_TO_32_BIT_CONVERSION = YES;
				GCC_WARN_ABOUT_RETURN_TYPE = YES_ERROR;
				GCC_WARN_UNDECLARED_SELECTOR = YES;
				GCC_WARN_UNINITIALIZED_AUTOS = YES_AGGRESSIVE;
				GCC_WARN_UNUSED_FUNCTION = YES;
				GCC_WARN_UNUSED_VARIABLE = YES;
				IPHONEOS_DEPLOYMENT_TARGET = 15.4;
				MTL_ENABLE_DEBUG_INFO = NO;
				MTL_FAST_MATH = YES;
				SDKROOT = iphoneos;
				SWIFT_COMPILATION_MODE = wholemodule;
				SWIFT_OPTIMIZATION_LEVEL = "-O";
				VALIDATE_PRODUCT = YES;
			};
			name = Release;
		};
		9ACE212B27E7D6E600B38913 /* Debug */ = {
			isa = XCBuildConfiguration;
			buildSettings = {
				ASSETCATALOG_COMPILER_APPICON_NAME = AppIcon;
				ASSETCATALOG_COMPILER_GLOBAL_ACCENT_COLOR_NAME = AccentColor;
				CODE_SIGN_STYLE = Automatic;
				CURRENT_PROJECT_VERSION = 1;
				DEVELOPMENT_ASSET_PATHS = "\"BootcampCourse/Preview Content\"";
				DEVELOPMENT_TEAM = 48RSDSQJLU;
				ENABLE_PREVIEWS = YES;
				GENERATE_INFOPLIST_FILE = YES;
				INFOPLIST_KEY_UIApplicationSceneManifest_Generation = YES;
				INFOPLIST_KEY_UIApplicationSupportsIndirectInputEvents = YES;
				INFOPLIST_KEY_UILaunchScreen_Generation = YES;
				INFOPLIST_KEY_UISupportedInterfaceOrientations_iPad = "UIInterfaceOrientationPortrait UIInterfaceOrientationPortraitUpsideDown UIInterfaceOrientationLandscapeLeft UIInterfaceOrientationLandscapeRight";
				INFOPLIST_KEY_UISupportedInterfaceOrientations_iPhone = "UIInterfaceOrientationPortrait UIInterfaceOrientationLandscapeLeft UIInterfaceOrientationLandscapeRight";
				LD_RUNPATH_SEARCH_PATHS = (
					"$(inherited)",
					"@executable_path/Frameworks",
				);
				MARKETING_VERSION = 1.0;
				PRODUCT_BUNDLE_IDENTIFIER = dragonscry.BootcampCourse;
				PRODUCT_NAME = "$(TARGET_NAME)";
				SWIFT_EMIT_LOC_STRINGS = YES;
				SWIFT_VERSION = 5.0;
				TARGETED_DEVICE_FAMILY = "1,2";
			};
			name = Debug;
		};
		9ACE212C27E7D6E600B38913 /* Release */ = {
			isa = XCBuildConfiguration;
			buildSettings = {
				ASSETCATALOG_COMPILER_APPICON_NAME = AppIcon;
				ASSETCATALOG_COMPILER_GLOBAL_ACCENT_COLOR_NAME = AccentColor;
				CODE_SIGN_STYLE = Automatic;
				CURRENT_PROJECT_VERSION = 1;
				DEVELOPMENT_ASSET_PATHS = "\"BootcampCourse/Preview Content\"";
				DEVELOPMENT_TEAM = 48RSDSQJLU;
				ENABLE_PREVIEWS = YES;
				GENERATE_INFOPLIST_FILE = YES;
				INFOPLIST_KEY_UIApplicationSceneManifest_Generation = YES;
				INFOPLIST_KEY_UIApplicationSupportsIndirectInputEvents = YES;
				INFOPLIST_KEY_UILaunchScreen_Generation = YES;
				INFOPLIST_KEY_UISupportedInterfaceOrientations_iPad = "UIInterfaceOrientationPortrait UIInterfaceOrientationPortraitUpsideDown UIInterfaceOrientationLandscapeLeft UIInterfaceOrientationLandscapeRight";
				INFOPLIST_KEY_UISupportedInterfaceOrientations_iPhone = "UIInterfaceOrientationPortrait UIInterfaceOrientationLandscapeLeft UIInterfaceOrientationLandscapeRight";
				LD_RUNPATH_SEARCH_PATHS = (
					"$(inherited)",
					"@executable_path/Frameworks",
				);
				MARKETING_VERSION = 1.0;
				PRODUCT_BUNDLE_IDENTIFIER = dragonscry.BootcampCourse;
				PRODUCT_NAME = "$(TARGET_NAME)";
				SWIFT_EMIT_LOC_STRINGS = YES;
				SWIFT_VERSION = 5.0;
				TARGETED_DEVICE_FAMILY = "1,2";
			};
			name = Release;
		};
/* End XCBuildConfiguration section */

/* Begin XCConfigurationList section */
		9ACE211727E7D6E300B38913 /* Build configuration list for PBXProject "BootcampCourse" */ = {
			isa = XCConfigurationList;
			buildConfigurations = (
				9ACE212827E7D6E600B38913 /* Debug */,
				9ACE212927E7D6E600B38913 /* Release */,
			);
			defaultConfigurationIsVisible = 0;
			defaultConfigurationName = Release;
		};
		9ACE212A27E7D6E600B38913 /* Build configuration list for PBXNativeTarget "BootcampCourse" */ = {
			isa = XCConfigurationList;
			buildConfigurations = (
				9ACE212B27E7D6E600B38913 /* Debug */,
				9ACE212C27E7D6E600B38913 /* Release */,
			);
			defaultConfigurationIsVisible = 0;
			defaultConfigurationName = Release;
		};
/* End XCConfigurationList section */
	};
	rootObject = 9ACE211427E7D6E300B38913 /* Project object */;
}
