// !$*UTF8*$!
{
	archiveVersion = 1;
	classes = {
	};
	objectVersion = 55;
	objects = {

/* Begin PBXBuildFile section */
		9A195D272818013300CEF6B4 /* ProfileView.swift in Sources */ = {isa = PBXBuildFile; fileRef = 9A195D262818013300CEF6B4 /* ProfileView.swift */; };
		9A195D292818139600CEF6B4 /* AsyncImageBootcamp.swift in Sources */ = {isa = PBXBuildFile; fileRef = 9A195D282818139600CEF6B4 /* AsyncImageBootcamp.swift */; };
		9A195D2B28181A3E00CEF6B4 /* BackgroundMaterialsBootcamp.swift in Sources */ = {isa = PBXBuildFile; fileRef = 9A195D2A28181A3E00CEF6B4 /* BackgroundMaterialsBootcamp.swift */; };
		9A3C675827EA62620060B57B /* GradiensBootcamp.swift in Sources */ = {isa = PBXBuildFile; fileRef = 9A3C675727EA62620060B57B /* GradiensBootcamp.swift */; };
		9A3C675A27EBC8B30060B57B /* IconsBootcamp.swift in Sources */ = {isa = PBXBuildFile; fileRef = 9A3C675927EBC8B30060B57B /* IconsBootcamp.swift */; };
		9A3C675C27ED1CFF0060B57B /* ImageBootcamp.swift in Sources */ = {isa = PBXBuildFile; fileRef = 9A3C675B27ED1CFF0060B57B /* ImageBootcamp.swift */; };
		9A3C675E27EE70710060B57B /* FrameBootcamp.swift in Sources */ = {isa = PBXBuildFile; fileRef = 9A3C675D27EE70710060B57B /* FrameBootcamp.swift */; };
		9A3C676027EFA9EF0060B57B /* BackgroundAndOverlayBootcamp.swift in Sources */ = {isa = PBXBuildFile; fileRef = 9A3C675F27EFA9EF0060B57B /* BackgroundAndOverlayBootcamp.swift */; };
		9A3C676227F0FC470060B57B /* StackBootcamp.swift in Sources */ = {isa = PBXBuildFile; fileRef = 9A3C676127F0FC470060B57B /* StackBootcamp.swift */; };
		9A3C676427F2383D0060B57B /* PaddingAndSpacerBootcamp.swift in Sources */ = {isa = PBXBuildFile; fileRef = 9A3C676327F2383D0060B57B /* PaddingAndSpacerBootcamp.swift */; };
		9A3C676627F4EBF10060B57B /* InitBootcamp.swift in Sources */ = {isa = PBXBuildFile; fileRef = 9A3C676527F4EBF10060B57B /* InitBootcamp.swift */; };
		9A3C676827F63DC90060B57B /* ForEachBootcamp.swift in Sources */ = {isa = PBXBuildFile; fileRef = 9A3C676727F63DC90060B57B /* ForEachBootcamp.swift */; };
		9A3C676A27F8DD200060B57B /* LazyVGridBootcamp.swift in Sources */ = {isa = PBXBuildFile; fileRef = 9A3C676927F8DD200060B57B /* LazyVGridBootcamp.swift */; };
		9A3C676C27F8DD840060B57B /* ScrollViewBootcamp.swift in Sources */ = {isa = PBXBuildFile; fileRef = 9A3C676B27F8DD840060B57B /* ScrollViewBootcamp.swift */; };
		9A3C676E27FCCCEC0060B57B /* SafeAreaBootcamp.swift in Sources */ = {isa = PBXBuildFile; fileRef = 9A3C676D27FCCCEC0060B57B /* SafeAreaBootcamp.swift */; };
		9A3C677027FE15950060B57B /* ButtonBootcamp.swift in Sources */ = {isa = PBXBuildFile; fileRef = 9A3C676F27FE15950060B57B /* ButtonBootcamp.swift */; };
		9A3C677227FE19110060B57B /* StateBootcamp.swift in Sources */ = {isa = PBXBuildFile; fileRef = 9A3C677127FE19110060B57B /* StateBootcamp.swift */; };
		9A3C677427FF84840060B57B /* ExtractedFunctionsBootcamp.swift in Sources */ = {isa = PBXBuildFile; fileRef = 9A3C677327FF84840060B57B /* ExtractedFunctionsBootcamp.swift */; };
		9A3C67762800C5210060B57B /* ExtractSubViewBootcamp.swift in Sources */ = {isa = PBXBuildFile; fileRef = 9A3C67752800C5210060B57B /* ExtractSubViewBootcamp.swift */; };
		9A3C67782800C94A0060B57B /* BindingBootcamp.swift in Sources */ = {isa = PBXBuildFile; fileRef = 9A3C67772800C94A0060B57B /* BindingBootcamp.swift */; };
		9A3C677A28019F410060B57B /* ConditionalBootcamp.swift in Sources */ = {isa = PBXBuildFile; fileRef = 9A3C677928019F410060B57B /* ConditionalBootcamp.swift */; };
		9A3C677C2801A4810060B57B /* TernaryBootcamp.swift in Sources */ = {isa = PBXBuildFile; fileRef = 9A3C677B2801A4810060B57B /* TernaryBootcamp.swift */; };
		9A3C677E2801A6F40060B57B /* AnimationBootcamp.swift in Sources */ = {isa = PBXBuildFile; fileRef = 9A3C677D2801A6F40060B57B /* AnimationBootcamp.swift */; };
		9A3C67802801B14F0060B57B /* AnimationTimintBootcamp.swift in Sources */ = {isa = PBXBuildFile; fileRef = 9A3C677F2801B14F0060B57B /* AnimationTimintBootcamp.swift */; };
		9A3C67822802F2B00060B57B /* TransitionsBootcamp.swift in Sources */ = {isa = PBXBuildFile; fileRef = 9A3C67812802F2B00060B57B /* TransitionsBootcamp.swift */; };
		9A3C678428030AE30060B57B /* SheetsBootcamp.swift in Sources */ = {isa = PBXBuildFile; fileRef = 9A3C678328030AE20060B57B /* SheetsBootcamp.swift */; };
		9A3C67862804A1760060B57B /* PopoverBootcamp.swift in Sources */ = {isa = PBXBuildFile; fileRef = 9A3C67852804A1760060B57B /* PopoverBootcamp.swift */; };
		9A3C678C2805E6090060B57B /* NavigationViewBootcamp.swift in Sources */ = {isa = PBXBuildFile; fileRef = 9A3C678B2805E6090060B57B /* NavigationViewBootcamp.swift */; };
		9A3C678E2806E5DF0060B57B /* ListBootcamp.swift in Sources */ = {isa = PBXBuildFile; fileRef = 9A3C678D2806E5DF0060B57B /* ListBootcamp.swift */; };
		9A3C67902806EFDB0060B57B /* AlertBootcamp.swift in Sources */ = {isa = PBXBuildFile; fileRef = 9A3C678F2806EFDB0060B57B /* AlertBootcamp.swift */; };
		9A3C67922808B6D00060B57B /* ActionSheetBootcamp.swift in Sources */ = {isa = PBXBuildFile; fileRef = 9A3C67912808B6CF0060B57B /* ActionSheetBootcamp.swift */; };
		9A3C6794280B14970060B57B /* ContextMenuBootcamp.swift in Sources */ = {isa = PBXBuildFile; fileRef = 9A3C6793280B14960060B57B /* ContextMenuBootcamp.swift */; };
		9A3C6796280B17880060B57B /* TextFieldBootcamp.swift in Sources */ = {isa = PBXBuildFile; fileRef = 9A3C6795280B17880060B57B /* TextFieldBootcamp.swift */; };
		9A3C6798280B243B0060B57B /* TextEditorBootcamp.swift in Sources */ = {isa = PBXBuildFile; fileRef = 9A3C6797280B243A0060B57B /* TextEditorBootcamp.swift */; };
		9A3C679A280B28370060B57B /* ToogleBootcamp.swift in Sources */ = {isa = PBXBuildFile; fileRef = 9A3C6799280B28370060B57B /* ToogleBootcamp.swift */; };
		9A3C679C280C9A4B0060B57B /* PickerBootcamp.swift in Sources */ = {isa = PBXBuildFile; fileRef = 9A3C679B280C9A4B0060B57B /* PickerBootcamp.swift */; };
		9AA59B62280DE9EC0004B444 /* ColorPickerBootcamp.swift in Sources */ = {isa = PBXBuildFile; fileRef = 9AA59B61280DE9EC0004B444 /* ColorPickerBootcamp.swift */; };
		9AA59B64280DEB6C0004B444 /* DatePickerBootcamp.swift in Sources */ = {isa = PBXBuildFile; fileRef = 9AA59B63280DEB6C0004B444 /* DatePickerBootcamp.swift */; };
		9AA59B66280DEEE50004B444 /* StepperBootcamp.swift in Sources */ = {isa = PBXBuildFile; fileRef = 9AA59B65280DEEE50004B444 /* StepperBootcamp.swift */; };
		9AA59B68280DF1E50004B444 /* SliderBootcamp.swift in Sources */ = {isa = PBXBuildFile; fileRef = 9AA59B67280DF1E50004B444 /* SliderBootcamp.swift */; };
		9AA59B6A280F3E970004B444 /* TabViewBootcamp.swift in Sources */ = {isa = PBXBuildFile; fileRef = 9AA59B69280F3E970004B444 /* TabViewBootcamp.swift */; };
		9ACE212027E7D6E300B38913 /* BootcampCourseApp.swift in Sources */ = {isa = PBXBuildFile; fileRef = 9ACE211F27E7D6E300B38913 /* BootcampCourseApp.swift */; };
		9ACE212227E7D6E300B38913 /* ContentView.swift in Sources */ = {isa = PBXBuildFile; fileRef = 9ACE212127E7D6E300B38913 /* ContentView.swift */; };
		9ACE212427E7D6E600B38913 /* Assets.xcassets in Resources */ = {isa = PBXBuildFile; fileRef = 9ACE212327E7D6E600B38913 /* Assets.xcassets */; };
		9ACE212727E7D6E600B38913 /* Preview Assets.xcassets in Resources */ = {isa = PBXBuildFile; fileRef = 9ACE212627E7D6E600B38913 /* Preview Assets.xcassets */; };
		9ACE212E27E7D6FA00B38913 /* TextBootcamp.swift in Sources */ = {isa = PBXBuildFile; fileRef = 9ACE212D27E7D6FA00B38913 /* TextBootcamp.swift */; };
		9ACE213027E86D5600B38913 /* ShapesBootcamp.swift in Sources */ = {isa = PBXBuildFile; fileRef = 9ACE212F27E86D5600B38913 /* ShapesBootcamp.swift */; };
		9ACE213227E872AB00B38913 /* ColorsBootcamp.swift in Sources */ = {isa = PBXBuildFile; fileRef = 9ACE213127E872AB00B38913 /* ColorsBootcamp.swift */; };
		9AF13C5F28105EC40098C9FC /* DarkModeBootcamp.swift in Sources */ = {isa = PBXBuildFile; fileRef = 9AF13C5E28105EC40098C9FC /* DarkModeBootcamp.swift */; };
		9AF13C61281063450098C9FC /* DocumentationBootcamp.swift in Sources */ = {isa = PBXBuildFile; fileRef = 9AF13C60281063450098C9FC /* DocumentationBootcamp.swift */; };
		9AF13C63281099890098C9FC /* OnApperBootcamp.swift in Sources */ = {isa = PBXBuildFile; fileRef = 9AF13C62281099890098C9FC /* OnApperBootcamp.swift */; };
		9AF13C6528114A9A0098C9FC /* IfLetGuardBootcamp.swift in Sources */ = {isa = PBXBuildFile; fileRef = 9AF13C6428114A9A0098C9FC /* IfLetGuardBootcamp.swift */; };
		9AF13C6728114EF40098C9FC /* TagGestureBootcamp.swift in Sources */ = {isa = PBXBuildFile; fileRef = 9AF13C6628114EF40098C9FC /* TagGestureBootcamp.swift */; };
		9AF13C692811531E0098C9FC /* CustomDataBootcamps.swift in Sources */ = {isa = PBXBuildFile; fileRef = 9AF13C682811531E0098C9FC /* CustomDataBootcamps.swift */; };
		9AF13C6B2811B0F60098C9FC /* ViewModelBootcamp.swift in Sources */ = {isa = PBXBuildFile; fileRef = 9AF13C6A2811B0F60098C9FC /* ViewModelBootcamp.swift */; };
		9AF13C6D2811EF270098C9FC /* EnvironmentBootcamp.swift in Sources */ = {isa = PBXBuildFile; fileRef = 9AF13C6C2811EF270098C9FC /* EnvironmentBootcamp.swift */; };
		9AF13C6F2812CDFC0098C9FC /* AppstorageBootcamp.swift in Sources */ = {isa = PBXBuildFile; fileRef = 9AF13C6E2812CDFC0098C9FC /* AppstorageBootcamp.swift */; };
		9AF13C722812D4140098C9FC /* IntroView.swift in Sources */ = {isa = PBXBuildFile; fileRef = 9AF13C712812D4140098C9FC /* IntroView.swift */; };
		9AF13C742812D54C0098C9FC /* OnBoardingView.swift in Sources */ = {isa = PBXBuildFile; fileRef = 9AF13C732812D54C0098C9FC /* OnBoardingView.swift */; };
/* End PBXBuildFile section */

/* Begin PBXFileReference section */
		9A195D262818013300CEF6B4 /* ProfileView.swift */ = {isa = PBXFileReference; lastKnownFileType = sourcecode.swift; path = ProfileView.swift; sourceTree = "<group>"; };
		9A195D282818139600CEF6B4 /* AsyncImageBootcamp.swift */ = {isa = PBXFileReference; lastKnownFileType = sourcecode.swift; path = AsyncImageBootcamp.swift; sourceTree = "<group>"; };
		9A195D2A28181A3E00CEF6B4 /* BackgroundMaterialsBootcamp.swift */ = {isa = PBXFileReference; lastKnownFileType = sourcecode.swift; path = BackgroundMaterialsBootcamp.swift; sourceTree = "<group>"; };
		9A3C675727EA62620060B57B /* GradiensBootcamp.swift */ = {isa = PBXFileReference; lastKnownFileType = sourcecode.swift; path = GradiensBootcamp.swift; sourceTree = "<group>"; };
		9A3C675927EBC8B30060B57B /* IconsBootcamp.swift */ = {isa = PBXFileReference; lastKnownFileType = sourcecode.swift; path = IconsBootcamp.swift; sourceTree = "<group>"; };
		9A3C675B27ED1CFF0060B57B /* ImageBootcamp.swift */ = {isa = PBXFileReference; lastKnownFileType = sourcecode.swift; path = ImageBootcamp.swift; sourceTree = "<group>"; };
		9A3C675D27EE70710060B57B /* FrameBootcamp.swift */ = {isa = PBXFileReference; lastKnownFileType = sourcecode.swift; path = FrameBootcamp.swift; sourceTree = "<group>"; };
		9A3C675F27EFA9EF0060B57B /* BackgroundAndOverlayBootcamp.swift */ = {isa = PBXFileReference; lastKnownFileType = sourcecode.swift; path = BackgroundAndOverlayBootcamp.swift; sourceTree = "<group>"; };
		9A3C676127F0FC470060B57B /* StackBootcamp.swift */ = {isa = PBXFileReference; lastKnownFileType = sourcecode.swift; path = StackBootcamp.swift; sourceTree = "<group>"; };
		9A3C676327F2383D0060B57B /* PaddingAndSpacerBootcamp.swift */ = {isa = PBXFileReference; lastKnownFileType = sourcecode.swift; path = PaddingAndSpacerBootcamp.swift; sourceTree = "<group>"; };
		9A3C676527F4EBF10060B57B /* InitBootcamp.swift */ = {isa = PBXFileReference; lastKnownFileType = sourcecode.swift; path = InitBootcamp.swift; sourceTree = "<group>"; };
		9A3C676727F63DC90060B57B /* ForEachBootcamp.swift */ = {isa = PBXFileReference; lastKnownFileType = sourcecode.swift; path = ForEachBootcamp.swift; sourceTree = "<group>"; };
		9A3C676927F8DD200060B57B /* LazyVGridBootcamp.swift */ = {isa = PBXFileReference; lastKnownFileType = sourcecode.swift; path = LazyVGridBootcamp.swift; sourceTree = "<group>"; };
		9A3C676B27F8DD840060B57B /* ScrollViewBootcamp.swift */ = {isa = PBXFileReference; lastKnownFileType = sourcecode.swift; path = ScrollViewBootcamp.swift; sourceTree = "<group>"; };
		9A3C676D27FCCCEC0060B57B /* SafeAreaBootcamp.swift */ = {isa = PBXFileReference; lastKnownFileType = sourcecode.swift; path = SafeAreaBootcamp.swift; sourceTree = "<group>"; };
		9A3C676F27FE15950060B57B /* ButtonBootcamp.swift */ = {isa = PBXFileReference; lastKnownFileType = sourcecode.swift; path = ButtonBootcamp.swift; sourceTree = "<group>"; };
		9A3C677127FE19110060B57B /* StateBootcamp.swift */ = {isa = PBXFileReference; lastKnownFileType = sourcecode.swift; path = StateBootcamp.swift; sourceTree = "<group>"; };
		9A3C677327FF84840060B57B /* ExtractedFunctionsBootcamp.swift */ = {isa = PBXFileReference; lastKnownFileType = sourcecode.swift; path = ExtractedFunctionsBootcamp.swift; sourceTree = "<group>"; };
		9A3C67752800C5210060B57B /* ExtractSubViewBootcamp.swift */ = {isa = PBXFileReference; lastKnownFileType = sourcecode.swift; path = ExtractSubViewBootcamp.swift; sourceTree = "<group>"; };
		9A3C67772800C94A0060B57B /* BindingBootcamp.swift */ = {isa = PBXFileReference; lastKnownFileType = sourcecode.swift; path = BindingBootcamp.swift; sourceTree = "<group>"; };
		9A3C677928019F410060B57B /* ConditionalBootcamp.swift */ = {isa = PBXFileReference; lastKnownFileType = sourcecode.swift; path = ConditionalBootcamp.swift; sourceTree = "<group>"; };
		9A3C677B2801A4810060B57B /* TernaryBootcamp.swift */ = {isa = PBXFileReference; lastKnownFileType = sourcecode.swift; path = TernaryBootcamp.swift; sourceTree = "<group>"; };
		9A3C677D2801A6F40060B57B /* AnimationBootcamp.swift */ = {isa = PBXFileReference; lastKnownFileType = sourcecode.swift; path = AnimationBootcamp.swift; sourceTree = "<group>"; };
		9A3C677F2801B14F0060B57B /* AnimationTimintBootcamp.swift */ = {isa = PBXFileReference; lastKnownFileType = sourcecode.swift; path = AnimationTimintBootcamp.swift; sourceTree = "<group>"; };
		9A3C67812802F2B00060B57B /* TransitionsBootcamp.swift */ = {isa = PBXFileReference; lastKnownFileType = sourcecode.swift; path = TransitionsBootcamp.swift; sourceTree = "<group>"; };
		9A3C678328030AE20060B57B /* SheetsBootcamp.swift */ = {isa = PBXFileReference; lastKnownFileType = sourcecode.swift; path = SheetsBootcamp.swift; sourceTree = "<group>"; };
		9A3C67852804A1760060B57B /* PopoverBootcamp.swift */ = {isa = PBXFileReference; lastKnownFileType = sourcecode.swift; path = PopoverBootcamp.swift; sourceTree = "<group>"; };
		9A3C678B2805E6090060B57B /* NavigationViewBootcamp.swift */ = {isa = PBXFileReference; lastKnownFileType = sourcecode.swift; path = NavigationViewBootcamp.swift; sourceTree = "<group>"; };
		9A3C678D2806E5DF0060B57B /* ListBootcamp.swift */ = {isa = PBXFileReference; lastKnownFileType = sourcecode.swift; path = ListBootcamp.swift; sourceTree = "<group>"; };
		9A3C678F2806EFDB0060B57B /* AlertBootcamp.swift */ = {isa = PBXFileReference; lastKnownFileType = sourcecode.swift; path = AlertBootcamp.swift; sourceTree = "<group>"; };
		9A3C67912808B6CF0060B57B /* ActionSheetBootcamp.swift */ = {isa = PBXFileReference; lastKnownFileType = sourcecode.swift; path = ActionSheetBootcamp.swift; sourceTree = "<group>"; };
		9A3C6793280B14960060B57B /* ContextMenuBootcamp.swift */ = {isa = PBXFileReference; lastKnownFileType = sourcecode.swift; path = ContextMenuBootcamp.swift; sourceTree = "<group>"; };
		9A3C6795280B17880060B57B /* TextFieldBootcamp.swift */ = {isa = PBXFileReference; lastKnownFileType = sourcecode.swift; path = TextFieldBootcamp.swift; sourceTree = "<group>"; };
		9A3C6797280B243A0060B57B /* TextEditorBootcamp.swift */ = {isa = PBXFileReference; lastKnownFileType = sourcecode.swift; path = TextEditorBootcamp.swift; sourceTree = "<group>"; };
		9A3C6799280B28370060B57B /* ToogleBootcamp.swift */ = {isa = PBXFileReference; lastKnownFileType = sourcecode.swift; path = ToogleBootcamp.swift; sourceTree = "<group>"; };
		9A3C679B280C9A4B0060B57B /* PickerBootcamp.swift */ = {isa = PBXFileReference; lastKnownFileType = sourcecode.swift; path = PickerBootcamp.swift; sourceTree = "<group>"; };
		9AA59B61280DE9EC0004B444 /* ColorPickerBootcamp.swift */ = {isa = PBXFileReference; lastKnownFileType = sourcecode.swift; path = ColorPickerBootcamp.swift; sourceTree = "<group>"; };
		9AA59B63280DEB6C0004B444 /* DatePickerBootcamp.swift */ = {isa = PBXFileReference; lastKnownFileType = sourcecode.swift; path = DatePickerBootcamp.swift; sourceTree = "<group>"; };
		9AA59B65280DEEE50004B444 /* StepperBootcamp.swift */ = {isa = PBXFileReference; lastKnownFileType = sourcecode.swift; path = StepperBootcamp.swift; sourceTree = "<group>"; };
		9AA59B67280DF1E50004B444 /* SliderBootcamp.swift */ = {isa = PBXFileReference; lastKnownFileType = sourcecode.swift; path = SliderBootcamp.swift; sourceTree = "<group>"; };
		9AA59B69280F3E970004B444 /* TabViewBootcamp.swift */ = {isa = PBXFileReference; lastKnownFileType = sourcecode.swift; path = TabViewBootcamp.swift; sourceTree = "<group>"; };
		9ACE211C27E7D6E300B38913 /* BootcampCourse.app */ = {isa = PBXFileReference; explicitFileType = wrapper.application; includeInIndex = 0; path = BootcampCourse.app; sourceTree = BUILT_PRODUCTS_DIR; };
		9ACE211F27E7D6E300B38913 /* BootcampCourseApp.swift */ = {isa = PBXFileReference; lastKnownFileType = sourcecode.swift; path = BootcampCourseApp.swift; sourceTree = "<group>"; };
		9ACE212127E7D6E300B38913 /* ContentView.swift */ = {isa = PBXFileReference; lastKnownFileType = sourcecode.swift; path = ContentView.swift; sourceTree = "<group>"; };
		9ACE212327E7D6E600B38913 /* Assets.xcassets */ = {isa = PBXFileReference; lastKnownFileType = folder.assetcatalog; path = Assets.xcassets; sourceTree = "<group>"; };
		9ACE212627E7D6E600B38913 /* Preview Assets.xcassets */ = {isa = PBXFileReference; lastKnownFileType = folder.assetcatalog; path = "Preview Assets.xcassets"; sourceTree = "<group>"; };
		9ACE212D27E7D6FA00B38913 /* TextBootcamp.swift */ = {isa = PBXFileReference; lastKnownFileType = sourcecode.swift; path = TextBootcamp.swift; sourceTree = "<group>"; };
		9ACE212F27E86D5600B38913 /* ShapesBootcamp.swift */ = {isa = PBXFileReference; lastKnownFileType = sourcecode.swift; path = ShapesBootcamp.swift; sourceTree = "<group>"; };
		9ACE213127E872AB00B38913 /* ColorsBootcamp.swift */ = {isa = PBXFileReference; lastKnownFileType = sourcecode.swift; path = ColorsBootcamp.swift; sourceTree = "<group>"; };
		9AF13C5E28105EC40098C9FC /* DarkModeBootcamp.swift */ = {isa = PBXFileReference; lastKnownFileType = sourcecode.swift; path = DarkModeBootcamp.swift; sourceTree = "<group>"; };
		9AF13C60281063450098C9FC /* DocumentationBootcamp.swift */ = {isa = PBXFileReference; lastKnownFileType = sourcecode.swift; path = DocumentationBootcamp.swift; sourceTree = "<group>"; };
		9AF13C62281099890098C9FC /* OnApperBootcamp.swift */ = {isa = PBXFileReference; lastKnownFileType = sourcecode.swift; path = OnApperBootcamp.swift; sourceTree = "<group>"; };
		9AF13C6428114A9A0098C9FC /* IfLetGuardBootcamp.swift */ = {isa = PBXFileReference; lastKnownFileType = sourcecode.swift; path = IfLetGuardBootcamp.swift; sourceTree = "<group>"; };
		9AF13C6628114EF40098C9FC /* TagGestureBootcamp.swift */ = {isa = PBXFileReference; lastKnownFileType = sourcecode.swift; path = TagGestureBootcamp.swift; sourceTree = "<group>"; };
		9AF13C682811531E0098C9FC /* CustomDataBootcamps.swift */ = {isa = PBXFileReference; lastKnownFileType = sourcecode.swift; path = CustomDataBootcamps.swift; sourceTree = "<group>"; };
		9AF13C6A2811B0F60098C9FC /* ViewModelBootcamp.swift */ = {isa = PBXFileReference; lastKnownFileType = sourcecode.swift; path = ViewModelBootcamp.swift; sourceTree = "<group>"; };
		9AF13C6C2811EF270098C9FC /* EnvironmentBootcamp.swift */ = {isa = PBXFileReference; lastKnownFileType = sourcecode.swift; path = EnvironmentBootcamp.swift; sourceTree = "<group>"; };
		9AF13C6E2812CDFC0098C9FC /* AppstorageBootcamp.swift */ = {isa = PBXFileReference; lastKnownFileType = sourcecode.swift; path = AppstorageBootcamp.swift; sourceTree = "<group>"; };
		9AF13C712812D4140098C9FC /* IntroView.swift */ = {isa = PBXFileReference; lastKnownFileType = sourcecode.swift; path = IntroView.swift; sourceTree = "<group>"; };
		9AF13C732812D54C0098C9FC /* OnBoardingView.swift */ = {isa = PBXFileReference; lastKnownFileType = sourcecode.swift; path = OnBoardingView.swift; sourceTree = "<group>"; };
/* End PBXFileReference section */

/* Begin PBXFrameworksBuildPhase section */
		9ACE211927E7D6E300B38913 /* Frameworks */ = {
			isa = PBXFrameworksBuildPhase;
			buildActionMask = 2147483647;
			files = (
			);
			runOnlyForDeploymentPostprocessing = 0;
		};
/* End PBXFrameworksBuildPhase section */

/* Begin PBXGroup section */
		9ACE211327E7D6E300B38913 = {
			isa = PBXGroup;
			children = (
				9ACE211E27E7D6E300B38913 /* BootcampCourse */,
				9ACE211D27E7D6E300B38913 /* Products */,
			);
			sourceTree = "<group>";
		};
		9ACE211D27E7D6E300B38913 /* Products */ = {
			isa = PBXGroup;
			children = (
				9ACE211C27E7D6E300B38913 /* BootcampCourse.app */,
			);
			name = Products;
			sourceTree = "<group>";
		};
		9ACE211E27E7D6E300B38913 /* BootcampCourse */ = {
			isa = PBXGroup;
			children = (
				9ACE211F27E7D6E300B38913 /* BootcampCourseApp.swift */,
				9ACE212127E7D6E300B38913 /* ContentView.swift */,
				9AF13C6628114EF40098C9FC /* TagGestureBootcamp.swift */,
				9AF13C682811531E0098C9FC /* CustomDataBootcamps.swift */,
				9AF13C6A2811B0F60098C9FC /* ViewModelBootcamp.swift */,
				9AF13C6C2811EF270098C9FC /* EnvironmentBootcamp.swift */,
				9AF13C6E2812CDFC0098C9FC /* AppstorageBootcamp.swift */,
				9AF13C62281099890098C9FC /* OnApperBootcamp.swift */,
				9AF13C6428114A9A0098C9FC /* IfLetGuardBootcamp.swift */,
				9AA59B67280DF1E50004B444 /* SliderBootcamp.swift */,
				9A195D282818139600CEF6B4 /* AsyncImageBootcamp.swift */,
				9AA59B69280F3E970004B444 /* TabViewBootcamp.swift */,
				9AF13C5E28105EC40098C9FC /* DarkModeBootcamp.swift */,
				9AA59B61280DE9EC0004B444 /* ColorPickerBootcamp.swift */,
				9AA59B63280DEB6C0004B444 /* DatePickerBootcamp.swift */,
				9AA59B65280DEEE50004B444 /* StepperBootcamp.swift */,
				9ACE212D27E7D6FA00B38913 /* TextBootcamp.swift */,
				9AF13C702812D3C50098C9FC /* OnBoardingViews */,
				9ACE212F27E86D5600B38913 /* ShapesBootcamp.swift */,
				9ACE213127E872AB00B38913 /* ColorsBootcamp.swift */,
				9A3C675727EA62620060B57B /* GradiensBootcamp.swift */,
				9A195D2A28181A3E00CEF6B4 /* BackgroundMaterialsBootcamp.swift */,
				9A3C675927EBC8B30060B57B /* IconsBootcamp.swift */,
				9A3C675B27ED1CFF0060B57B /* ImageBootcamp.swift */,
				9A3C675D27EE70710060B57B /* FrameBootcamp.swift */,
				9A3C675F27EFA9EF0060B57B /* BackgroundAndOverlayBootcamp.swift */,
				9A3C676127F0FC470060B57B /* StackBootcamp.swift */,
				9A3C676327F2383D0060B57B /* PaddingAndSpacerBootcamp.swift */,
				9A3C676527F4EBF10060B57B /* InitBootcamp.swift */,
				9A3C676727F63DC90060B57B /* ForEachBootcamp.swift */,
				9A3C676927F8DD200060B57B /* LazyVGridBootcamp.swift */,
				9A3C676D27FCCCEC0060B57B /* SafeAreaBootcamp.swift */,
				9A3C676F27FE15950060B57B /* ButtonBootcamp.swift */,
				9A3C677127FE19110060B57B /* StateBootcamp.swift */,
				9A3C677327FF84840060B57B /* ExtractedFunctionsBootcamp.swift */,
				9A3C67752800C5210060B57B /* ExtractSubViewBootcamp.swift */,
				9A3C67772800C94A0060B57B /* BindingBootcamp.swift */,
				9A3C677928019F410060B57B /* ConditionalBootcamp.swift */,
				9A3C677B2801A4810060B57B /* TernaryBootcamp.swift */,
				9AF13C60281063450098C9FC /* DocumentationBootcamp.swift */,
				9A3C677D2801A6F40060B57B /* AnimationBootcamp.swift */,
				9A3C677F2801B14F0060B57B /* AnimationTimintBootcamp.swift */,
				9A3C67812802F2B00060B57B /* TransitionsBootcamp.swift */,
				9A3C678328030AE20060B57B /* SheetsBootcamp.swift */,
				9A3C676B27F8DD840060B57B /* ScrollViewBootcamp.swift */,
				9A3C67852804A1760060B57B /* PopoverBootcamp.swift */,
				9A3C678B2805E6090060B57B /* NavigationViewBootcamp.swift */,
				9A3C678D2806E5DF0060B57B /* ListBootcamp.swift */,
				9A3C679B280C9A4B0060B57B /* PickerBootcamp.swift */,
				9A3C678F2806EFDB0060B57B /* AlertBootcamp.swift */,
				9A3C67912808B6CF0060B57B /* ActionSheetBootcamp.swift */,
				9A3C6793280B14960060B57B /* ContextMenuBootcamp.swift */,
				9A3C6795280B17880060B57B /* TextFieldBootcamp.swift */,
				9A3C6797280B243A0060B57B /* TextEditorBootcamp.swift */,
				9A3C6799280B28370060B57B /* ToogleBootcamp.swift */,
				9ACE212327E7D6E600B38913 /* Assets.xcassets */,
				9ACE212527E7D6E600B38913 /* Preview Content */,
			);
			path = BootcampCourse;
			sourceTree = "<group>";
		};
		9ACE212527E7D6E600B38913 /* Preview Content */ = {
			isa = PBXGroup;
			children = (
				9ACE212627E7D6E600B38913 /* Preview Assets.xcassets */,
			);
			path = "Preview Content";
			sourceTree = "<group>";
		};
		9AF13C702812D3C50098C9FC /* OnBoardingViews */ = {
			isa = PBXGroup;
			children = (
				9AF13C712812D4140098C9FC /* IntroView.swift */,
				9AF13C732812D54C0098C9FC /* OnBoardingView.swift */,
				9A195D262818013300CEF6B4 /* ProfileView.swift */,
			);
			path = OnBoardingViews;
			sourceTree = "<group>";
		};
/* End PBXGroup section */

/* Begin PBXNativeTarget section */
		9ACE211B27E7D6E300B38913 /* BootcampCourse */ = {
			isa = PBXNativeTarget;
			buildConfigurationList = 9ACE212A27E7D6E600B38913 /* Build configuration list for PBXNativeTarget "BootcampCourse" */;
			buildPhases = (
				9ACE211827E7D6E300B38913 /* Sources */,
				9ACE211927E7D6E300B38913 /* Frameworks */,
				9ACE211A27E7D6E300B38913 /* Resources */,
			);
			buildRules = (
			);
			dependencies = (
			);
			name = BootcampCourse;
			productName = BootcampCourse;
			productReference = 9ACE211C27E7D6E300B38913 /* BootcampCourse.app */;
			productType = "com.apple.product-type.application";
		};
/* End PBXNativeTarget section */

/* Begin PBXProject section */
		9ACE211427E7D6E300B38913 /* Project object */ = {
			isa = PBXProject;
			attributes = {
				BuildIndependentTargetsInParallel = 1;
				LastSwiftUpdateCheck = 1330;
				LastUpgradeCheck = 1330;
				TargetAttributes = {
					9ACE211B27E7D6E300B38913 = {
						CreatedOnToolsVersion = 13.3;
					};
				};
			};
			buildConfigurationList = 9ACE211727E7D6E300B38913 /* Build configuration list for PBXProject "BootcampCourse" */;
			compatibilityVersion = "Xcode 13.0";
			developmentRegion = en;
			hasScannedForEncodings = 0;
			knownRegions = (
				en,
				Base,
			);
			mainGroup = 9ACE211327E7D6E300B38913;
			productRefGroup = 9ACE211D27E7D6E300B38913 /* Products */;
			projectDirPath = "";
			projectRoot = "";
			targets = (
				9ACE211B27E7D6E300B38913 /* BootcampCourse */,
			);
		};
/* End PBXProject section */

/* Begin PBXResourcesBuildPhase section */
		9ACE211A27E7D6E300B38913 /* Resources */ = {
			isa = PBXResourcesBuildPhase;
			buildActionMask = 2147483647;
			files = (
				9ACE212727E7D6E600B38913 /* Preview Assets.xcassets in Resources */,
				9ACE212427E7D6E600B38913 /* Assets.xcassets in Resources */,
			);
			runOnlyForDeploymentPostprocessing = 0;
		};
/* End PBXResourcesBuildPhase section */

/* Begin PBXSourcesBuildPhase section */
		9ACE211827E7D6E300B38913 /* Sources */ = {
			isa = PBXSourcesBuildPhase;
			buildActionMask = 2147483647;
			files = (
				9ACE213227E872AB00B38913 /* ColorsBootcamp.swift in Sources */,
				9A3C676027EFA9EF0060B57B /* BackgroundAndOverlayBootcamp.swift in Sources */,
				9A3C677A28019F410060B57B /* ConditionalBootcamp.swift in Sources */,
				9AF13C742812D54C0098C9FC /* OnBoardingView.swift in Sources */,
				9AF13C6D2811EF270098C9FC /* EnvironmentBootcamp.swift in Sources */,
				9AF13C6728114EF40098C9FC /* TagGestureBootcamp.swift in Sources */,
				9A3C676C27F8DD840060B57B /* ScrollViewBootcamp.swift in Sources */,
				9AF13C6F2812CDFC0098C9FC /* AppstorageBootcamp.swift in Sources */,
				9A3C67802801B14F0060B57B /* AnimationTimintBootcamp.swift in Sources */,
				9AA59B6A280F3E970004B444 /* TabViewBootcamp.swift in Sources */,
				9AF13C6528114A9A0098C9FC /* IfLetGuardBootcamp.swift in Sources */,
				9A3C676427F2383D0060B57B /* PaddingAndSpacerBootcamp.swift in Sources */,
				9AA59B66280DEEE50004B444 /* StepperBootcamp.swift in Sources */,
				9AF13C63281099890098C9FC /* OnApperBootcamp.swift in Sources */,
				9A3C677027FE15950060B57B /* ButtonBootcamp.swift in Sources */,
				9ACE213027E86D5600B38913 /* ShapesBootcamp.swift in Sources */,
				9A3C678428030AE30060B57B /* SheetsBootcamp.swift in Sources */,
				9A195D292818139600CEF6B4 /* AsyncImageBootcamp.swift in Sources */,
				9A3C676A27F8DD200060B57B /* LazyVGridBootcamp.swift in Sources */,
				9A3C675E27EE70710060B57B /* FrameBootcamp.swift in Sources */,
				9ACE212227E7D6E300B38913 /* ContentView.swift in Sources */,
				9A3C677227FE19110060B57B /* StateBootcamp.swift in Sources */,
				9AF13C692811531E0098C9FC /* CustomDataBootcamps.swift in Sources */,
				9A3C67822802F2B00060B57B /* TransitionsBootcamp.swift in Sources */,
				9A3C676E27FCCCEC0060B57B /* SafeAreaBootcamp.swift in Sources */,
				9ACE212E27E7D6FA00B38913 /* TextBootcamp.swift in Sources */,
				9ACE212027E7D6E300B38913 /* BootcampCourseApp.swift in Sources */,
				9A3C676227F0FC470060B57B /* StackBootcamp.swift in Sources */,
				9A3C6794280B14970060B57B /* ContextMenuBootcamp.swift in Sources */,
				9A3C67782800C94A0060B57B /* BindingBootcamp.swift in Sources */,
				9A3C677427FF84840060B57B /* ExtractedFunctionsBootcamp.swift in Sources */,
				9A3C67862804A1760060B57B /* PopoverBootcamp.swift in Sources */,
				9A3C679C280C9A4B0060B57B /* PickerBootcamp.swift in Sources */,
				9A3C67762800C5210060B57B /* ExtractSubViewBootcamp.swift in Sources */,
				9A3C67922808B6D00060B57B /* ActionSheetBootcamp.swift in Sources */,
				9A3C677C2801A4810060B57B /* TernaryBootcamp.swift in Sources */,
				9AA59B68280DF1E50004B444 /* SliderBootcamp.swift in Sources */,
				9AF13C5F28105EC40098C9FC /* DarkModeBootcamp.swift in Sources */,
				9AA59B62280DE9EC0004B444 /* ColorPickerBootcamp.swift in Sources */,
				9A3C678C2805E6090060B57B /* NavigationViewBootcamp.swift in Sources */,
				9A3C679A280B28370060B57B /* ToogleBootcamp.swift in Sources */,
				9A3C675827EA62620060B57B /* GradiensBootcamp.swift in Sources */,
				9A3C678E2806E5DF0060B57B /* ListBootcamp.swift in Sources */,
				9A195D272818013300CEF6B4 /* ProfileView.swift in Sources */,
				9A3C6798280B243B0060B57B /* TextEditorBootcamp.swift in Sources */,
				9A3C6796280B17880060B57B /* TextFieldBootcamp.swift in Sources */,
				9A3C675C27ED1CFF0060B57B /* ImageBootcamp.swift in Sources */,
				9AF13C61281063450098C9FC /* DocumentationBootcamp.swift in Sources */,
				9AF13C6B2811B0F60098C9FC /* ViewModelBootcamp.swift in Sources */,
				9A195D2B28181A3E00CEF6B4 /* BackgroundMaterialsBootcamp.swift in Sources */,
				9A3C67902806EFDB0060B57B /* AlertBootcamp.swift in Sources */,
				9AF13C722812D4140098C9FC /* IntroView.swift in Sources */,
				9A3C676827F63DC90060B57B /* ForEachBootcamp.swift in Sources */,
				9AA59B64280DEB6C0004B444 /* DatePickerBootcamp.swift in Sources */,
				9A3C676627F4EBF10060B57B /* InitBootcamp.swift in Sources */,
				9A3C677E2801A6F40060B57B /* AnimationBootcamp.swift in Sources */,
				9A3C675A27EBC8B30060B57B /* IconsBootcamp.swift in Sources */,
			);
			runOnlyForDeploymentPostprocessing = 0;
		};
/* End PBXSourcesBuildPhase section */

/* Begin XCBuildConfiguration section */
		9ACE212827E7D6E600B38913 /* Debug */ = {
			isa = XCBuildConfiguration;
			buildSettings = {
				ALWAYS_SEARCH_USER_PATHS = NO;
				CLANG_ANALYZER_NONNULL = YES;
				CLANG_ANALYZER_NUMBER_OBJECT_CONVERSION = YES_AGGRESSIVE;
				CLANG_CXX_LANGUAGE_STANDARD = "gnu++17";
				CLANG_ENABLE_MODULES = YES;
				CLANG_ENABLE_OBJC_ARC = YES;
				CLANG_ENABLE_OBJC_WEAK = YES;
				CLANG_WARN_BLOCK_CAPTURE_AUTORELEASING = YES;
				CLANG_WARN_BOOL_CONVERSION = YES;
				CLANG_WARN_COMMA = YES;
				CLANG_WARN_CONSTANT_CONVERSION = YES;
				CLANG_WARN_DEPRECATED_OBJC_IMPLEMENTATIONS = YES;
				CLANG_WARN_DIRECT_OBJC_ISA_USAGE = YES_ERROR;
				CLANG_WARN_DOCUMENTATION_COMMENTS = YES;
				CLANG_WARN_EMPTY_BODY = YES;
				CLANG_WARN_ENUM_CONVERSION = YES;
				CLANG_WARN_INFINITE_RECURSION = YES;
				CLANG_WARN_INT_CONVERSION = YES;
				CLANG_WARN_NON_LITERAL_NULL_CONVERSION = YES;
				CLANG_WARN_OBJC_IMPLICIT_RETAIN_SELF = YES;
				CLANG_WARN_OBJC_LITERAL_CONVERSION = YES;
				CLANG_WARN_OBJC_ROOT_CLASS = YES_ERROR;
				CLANG_WARN_QUOTED_INCLUDE_IN_FRAMEWORK_HEADER = YES;
				CLANG_WARN_RANGE_LOOP_ANALYSIS = YES;
				CLANG_WARN_STRICT_PROTOTYPES = YES;
				CLANG_WARN_SUSPICIOUS_MOVE = YES;
				CLANG_WARN_UNGUARDED_AVAILABILITY = YES_AGGRESSIVE;
				CLANG_WARN_UNREACHABLE_CODE = YES;
				CLANG_WARN__DUPLICATE_METHOD_MATCH = YES;
				COPY_PHASE_STRIP = NO;
				DEBUG_INFORMATION_FORMAT = dwarf;
				ENABLE_STRICT_OBJC_MSGSEND = YES;
				ENABLE_TESTABILITY = YES;
				GCC_C_LANGUAGE_STANDARD = gnu11;
				GCC_DYNAMIC_NO_PIC = NO;
				GCC_NO_COMMON_BLOCKS = YES;
				GCC_OPTIMIZATION_LEVEL = 0;
				GCC_PREPROCESSOR_DEFINITIONS = (
					"DEBUG=1",
					"$(inherited)",
				);
				GCC_WARN_64_TO_32_BIT_CONVERSION = YES;
				GCC_WARN_ABOUT_RETURN_TYPE = YES_ERROR;
				GCC_WARN_UNDECLARED_SELECTOR = YES;
				GCC_WARN_UNINITIALIZED_AUTOS = YES_AGGRESSIVE;
				GCC_WARN_UNUSED_FUNCTION = YES;
				GCC_WARN_UNUSED_VARIABLE = YES;
				IPHONEOS_DEPLOYMENT_TARGET = 15.4;
				MTL_ENABLE_DEBUG_INFO = INCLUDE_SOURCE;
				MTL_FAST_MATH = YES;
				ONLY_ACTIVE_ARCH = YES;
				SDKROOT = iphoneos;
				SWIFT_ACTIVE_COMPILATION_CONDITIONS = DEBUG;
				SWIFT_OPTIMIZATION_LEVEL = "-Onone";
			};
			name = Debug;
		};
		9ACE212927E7D6E600B38913 /* Release */ = {
			isa = XCBuildConfiguration;
			buildSettings = {
				ALWAYS_SEARCH_USER_PATHS = NO;
				CLANG_ANALYZER_NONNULL = YES;
				CLANG_ANALYZER_NUMBER_OBJECT_CONVERSION = YES_AGGRESSIVE;
				CLANG_CXX_LANGUAGE_STANDARD = "gnu++17";
				CLANG_ENABLE_MODULES = YES;
				CLANG_ENABLE_OBJC_ARC = YES;
				CLANG_ENABLE_OBJC_WEAK = YES;
				CLANG_WARN_BLOCK_CAPTURE_AUTORELEASING = YES;
				CLANG_WARN_BOOL_CONVERSION = YES;
				CLANG_WARN_COMMA = YES;
				CLANG_WARN_CONSTANT_CONVERSION = YES;
				CLANG_WARN_DEPRECATED_OBJC_IMPLEMENTATIONS = YES;
				CLANG_WARN_DIRECT_OBJC_ISA_USAGE = YES_ERROR;
				CLANG_WARN_DOCUMENTATION_COMMENTS = YES;
				CLANG_WARN_EMPTY_BODY = YES;
				CLANG_WARN_ENUM_CONVERSION = YES;
				CLANG_WARN_INFINITE_RECURSION = YES;
				CLANG_WARN_INT_CONVERSION = YES;
				CLANG_WARN_NON_LITERAL_NULL_CONVERSION = YES;
				CLANG_WARN_OBJC_IMPLICIT_RETAIN_SELF = YES;
				CLANG_WARN_OBJC_LITERAL_CONVERSION = YES;
				CLANG_WARN_OBJC_ROOT_CLASS = YES_ERROR;
				CLANG_WARN_QUOTED_INCLUDE_IN_FRAMEWORK_HEADER = YES;
				CLANG_WARN_RANGE_LOOP_ANALYSIS = YES;
				CLANG_WARN_STRICT_PROTOTYPES = YES;
				CLANG_WARN_SUSPICIOUS_MOVE = YES;
				CLANG_WARN_UNGUARDED_AVAILABILITY = YES_AGGRESSIVE;
				CLANG_WARN_UNREACHABLE_CODE = YES;
				CLANG_WARN__DUPLICATE_METHOD_MATCH = YES;
				COPY_PHASE_STRIP = NO;
				DEBUG_INFORMATION_FORMAT = "dwarf-with-dsym";
				ENABLE_NS_ASSERTIONS = NO;
				ENABLE_STRICT_OBJC_MSGSEND = YES;
				GCC_C_LANGUAGE_STANDARD = gnu11;
				GCC_NO_COMMON_BLOCKS = YES;
				GCC_WARN_64_TO_32_BIT_CONVERSION = YES;
				GCC_WARN_ABOUT_RETURN_TYPE = YES_ERROR;
				GCC_WARN_UNDECLARED_SELECTOR = YES;
				GCC_WARN_UNINITIALIZED_AUTOS = YES_AGGRESSIVE;
				GCC_WARN_UNUSED_FUNCTION = YES;
				GCC_WARN_UNUSED_VARIABLE = YES;
				IPHONEOS_DEPLOYMENT_TARGET = 15.4;
				MTL_ENABLE_DEBUG_INFO = NO;
				MTL_FAST_MATH = YES;
				SDKROOT = iphoneos;
				SWIFT_COMPILATION_MODE = wholemodule;
				SWIFT_OPTIMIZATION_LEVEL = "-O";
				VALIDATE_PRODUCT = YES;
			};
			name = Release;
		};
		9ACE212B27E7D6E600B38913 /* Debug */ = {
			isa = XCBuildConfiguration;
			buildSettings = {
				ASSETCATALOG_COMPILER_APPICON_NAME = AppIcon;
				ASSETCATALOG_COMPILER_GLOBAL_ACCENT_COLOR_NAME = AccentColor;
				CODE_SIGN_STYLE = Automatic;
				CURRENT_PROJECT_VERSION = 1;
				DEVELOPMENT_ASSET_PATHS = "\"BootcampCourse/Preview Content\"";
				DEVELOPMENT_TEAM = 48RSDSQJLU;
				ENABLE_PREVIEWS = YES;
				GENERATE_INFOPLIST_FILE = YES;
				INFOPLIST_KEY_UIApplicationSceneManifest_Generation = YES;
				INFOPLIST_KEY_UIApplicationSupportsIndirectInputEvents = YES;
				INFOPLIST_KEY_UILaunchScreen_Generation = YES;
				INFOPLIST_KEY_UISupportedInterfaceOrientations_iPad = "UIInterfaceOrientationPortrait UIInterfaceOrientationPortraitUpsideDown UIInterfaceOrientationLandscapeLeft UIInterfaceOrientationLandscapeRight";
				INFOPLIST_KEY_UISupportedInterfaceOrientations_iPhone = "UIInterfaceOrientationPortrait UIInterfaceOrientationLandscapeLeft UIInterfaceOrientationLandscapeRight";
				LD_RUNPATH_SEARCH_PATHS = (
					"$(inherited)",
					"@executable_path/Frameworks",
				);
				MARKETING_VERSION = 1.0;
				PRODUCT_BUNDLE_IDENTIFIER = dragonscry.BootcampCourse;
				PRODUCT_NAME = "$(TARGET_NAME)";
				SWIFT_EMIT_LOC_STRINGS = YES;
				SWIFT_VERSION = 5.0;
				TARGETED_DEVICE_FAMILY = "1,2";
			};
			name = Debug;
		};
		9ACE212C27E7D6E600B38913 /* Release */ = {
			isa = XCBuildConfiguration;
			buildSettings = {
				ASSETCATALOG_COMPILER_APPICON_NAME = AppIcon;
				ASSETCATALOG_COMPILER_GLOBAL_ACCENT_COLOR_NAME = AccentColor;
				CODE_SIGN_STYLE = Automatic;
				CURRENT_PROJECT_VERSION = 1;
				DEVELOPMENT_ASSET_PATHS = "\"BootcampCourse/Preview Content\"";
				DEVELOPMENT_TEAM = 48RSDSQJLU;
				ENABLE_PREVIEWS = YES;
				GENERATE_INFOPLIST_FILE = YES;
				INFOPLIST_KEY_UIApplicationSceneManifest_Generation = YES;
				INFOPLIST_KEY_UIApplicationSupportsIndirectInputEvents = YES;
				INFOPLIST_KEY_UILaunchScreen_Generation = YES;
				INFOPLIST_KEY_UISupportedInterfaceOrientations_iPad = "UIInterfaceOrientationPortrait UIInterfaceOrientationPortraitUpsideDown UIInterfaceOrientationLandscapeLeft UIInterfaceOrientationLandscapeRight";
				INFOPLIST_KEY_UISupportedInterfaceOrientations_iPhone = "UIInterfaceOrientationPortrait UIInterfaceOrientationLandscapeLeft UIInterfaceOrientationLandscapeRight";
				LD_RUNPATH_SEARCH_PATHS = (
					"$(inherited)",
					"@executable_path/Frameworks",
				);
				MARKETING_VERSION = 1.0;
				PRODUCT_BUNDLE_IDENTIFIER = dragonscry.BootcampCourse;
				PRODUCT_NAME = "$(TARGET_NAME)";
				SWIFT_EMIT_LOC_STRINGS = YES;
				SWIFT_VERSION = 5.0;
				TARGETED_DEVICE_FAMILY = "1,2";
			};
			name = Release;
		};
/* End XCBuildConfiguration section */

/* Begin XCConfigurationList section */
		9ACE211727E7D6E300B38913 /* Build configuration list for PBXProject "BootcampCourse" */ = {
			isa = XCConfigurationList;
			buildConfigurations = (
				9ACE212827E7D6E600B38913 /* Debug */,
				9ACE212927E7D6E600B38913 /* Release */,
			);
			defaultConfigurationIsVisible = 0;
			defaultConfigurationName = Release;
		};
		9ACE212A27E7D6E600B38913 /* Build configuration list for PBXNativeTarget "BootcampCourse" */ = {
			isa = XCConfigurationList;
			buildConfigurations = (
				9ACE212B27E7D6E600B38913 /* Debug */,
				9ACE212C27E7D6E600B38913 /* Release */,
			);
			defaultConfigurationIsVisible = 0;
			defaultConfigurationName = Release;
		};
/* End XCConfigurationList section */
	};
	rootObject = 9ACE211427E7D6E300B38913 /* Project object */;
}
