// !$*UTF8*$!
{
	archiveVersion = 1;
	classes = {
	};
	objectVersion = 55;
	objects = {

/* Begin PBXBuildFile section */
		9A818F0A281DCED8005EEFDF /* swiftfulMapAppApp.swift in Sources */ = {isa = PBXBuildFile; fileRef = 9A818F09281DCED8005EEFDF /* swiftfulMapAppApp.swift */; };
		9A818F0C281DCED8005EEFDF /* ContentView.swift in Sources */ = {isa = PBXBuildFile; fileRef = 9A818F0B281DCED8005EEFDF /* ContentView.swift */; };
		9A818F11281DCED9005EEFDF /* Preview Assets.xcassets in Resources */ = {isa = PBXBuildFile; fileRef = 9A818F10281DCED9005EEFDF /* Preview Assets.xcassets */; };
		9A818F18281DCF88005EEFDF /* Assets.xcassets in Resources */ = {isa = PBXBuildFile; fileRef = 9A818F17281DCF88005EEFDF /* Assets.xcassets */; };
		9A818F1D281DD28C005EEFDF /* Location.swift in Sources */ = {isa = PBXBuildFile; fileRef = 9A818F1C281DD28C005EEFDF /* Location.swift */; };
		9A818F20281DD579005EEFDF /* LocationsDataService.swift in Sources */ = {isa = PBXBuildFile; fileRef = 9A818F1F281DD579005EEFDF /* LocationsDataService.swift */; };
		9A818F22282000A2005EEFDF /* LocationVIew.swift in Sources */ = {isa = PBXBuildFile; fileRef = 9A818F21282000A2005EEFDF /* LocationVIew.swift */; };
		9A818F242820032B005EEFDF /* LocationViewModel.swift in Sources */ = {isa = PBXBuildFile; fileRef = 9A818F232820032B005EEFDF /* LocationViewModel.swift */; };
		9A818F2628218E7E005EEFDF /* LocationsListView.swift in Sources */ = {isa = PBXBuildFile; fileRef = 9A818F2528218E7E005EEFDF /* LocationsListView.swift */; };
		9A818F282821BB22005EEFDF /* LocationPreviewView.swift in Sources */ = {isa = PBXBuildFile; fileRef = 9A818F272821BB22005EEFDF /* LocationPreviewView.swift */; };
		9A818F2A28227788005EEFDF /* LocationMapAnnotationView.swift in Sources */ = {isa = PBXBuildFile; fileRef = 9A818F2928227788005EEFDF /* LocationMapAnnotationView.swift */; };
		9A818F2C2822A6C4005EEFDF /* LocationDetailView.swift in Sources */ = {isa = PBXBuildFile; fileRef = 9A818F2B2822A6C4005EEFDF /* LocationDetailView.swift */; };
/* End PBXBuildFile section */

/* Begin PBXFileReference section */
		9A818F06281DCED8005EEFDF /* swiftfulMapApp.app */ = {isa = PBXFileReference; explicitFileType = wrapper.application; includeInIndex = 0; path = swiftfulMapApp.app; sourceTree = BUILT_PRODUCTS_DIR; };
		9A818F09281DCED8005EEFDF /* swiftfulMapAppApp.swift */ = {isa = PBXFileReference; lastKnownFileType = sourcecode.swift; path = swiftfulMapAppApp.swift; sourceTree = "<group>"; };
		9A818F0B281DCED8005EEFDF /* ContentView.swift */ = {isa = PBXFileReference; lastKnownFileType = sourcecode.swift; path = ContentView.swift; sourceTree = "<group>"; };
		9A818F10281DCED9005EEFDF /* Preview Assets.xcassets */ = {isa = PBXFileReference; lastKnownFileType = folder.assetcatalog; path = "Preview Assets.xcassets"; sourceTree = "<group>"; };
		9A818F17281DCF88005EEFDF /* Assets.xcassets */ = {isa = PBXFileReference; lastKnownFileType = folder.assetcatalog; path = Assets.xcassets; sourceTree = "<group>"; };
		9A818F1C281DD28C005EEFDF /* Location.swift */ = {isa = PBXFileReference; lastKnownFileType = sourcecode.swift; path = Location.swift; sourceTree = "<group>"; };
		9A818F1F281DD579005EEFDF /* LocationsDataService.swift */ = {isa = PBXFileReference; fileEncoding = 4; lastKnownFileType = sourcecode.swift; path = LocationsDataService.swift; sourceTree = "<group>"; };
		9A818F21282000A2005EEFDF /* LocationVIew.swift */ = {isa = PBXFileReference; lastKnownFileType = sourcecode.swift; path = LocationVIew.swift; sourceTree = "<group>"; };
		9A818F232820032B005EEFDF /* LocationViewModel.swift */ = {isa = PBXFileReference; lastKnownFileType = sourcecode.swift; path = LocationViewModel.swift; sourceTree = "<group>"; };
		9A818F2528218E7E005EEFDF /* LocationsListView.swift */ = {isa = PBXFileReference; lastKnownFileType = sourcecode.swift; path = LocationsListView.swift; sourceTree = "<group>"; };
		9A818F272821BB22005EEFDF /* LocationPreviewView.swift */ = {isa = PBXFileReference; lastKnownFileType = sourcecode.swift; path = LocationPreviewView.swift; sourceTree = "<group>"; };
		9A818F2928227788005EEFDF /* LocationMapAnnotationView.swift */ = {isa = PBXFileReference; lastKnownFileType = sourcecode.swift; path = LocationMapAnnotationView.swift; sourceTree = "<group>"; };
		9A818F2B2822A6C4005EEFDF /* LocationDetailView.swift */ = {isa = PBXFileReference; lastKnownFileType = sourcecode.swift; path = LocationDetailView.swift; sourceTree = "<group>"; };
/* End PBXFileReference section */

/* Begin PBXFrameworksBuildPhase section */
		9A818F03281DCED8005EEFDF /* Frameworks */ = {
			isa = PBXFrameworksBuildPhase;
			buildActionMask = 2147483647;
			files = (
			);
			runOnlyForDeploymentPostprocessing = 0;
		};
/* End PBXFrameworksBuildPhase section */

/* Begin PBXGroup section */
		9A818EFD281DCED8005EEFDF = {
			isa = PBXGroup;
			children = (
				9A818F08281DCED8005EEFDF /* swiftfulMapApp */,
				9A818F07281DCED8005EEFDF /* Products */,
			);
			sourceTree = "<group>";
		};
		9A818F07281DCED8005EEFDF /* Products */ = {
			isa = PBXGroup;
			children = (
				9A818F06281DCED8005EEFDF /* swiftfulMapApp.app */,
			);
			name = Products;
			sourceTree = "<group>";
		};
		9A818F08281DCED8005EEFDF /* swiftfulMapApp */ = {
			isa = PBXGroup;
			children = (
				9A818F09281DCED8005EEFDF /* swiftfulMapAppApp.swift */,
				9A818F0B281DCED8005EEFDF /* ContentView.swift */,
				9A818F17281DCF88005EEFDF /* Assets.xcassets */,
				9A818F1E281DD541005EEFDF /* DataServices */,
				9A818F1B281DD21B005EEFDF /* Model */,
				9A818F1A281DD1FB005EEFDF /* ViewModel */,
				9A818F19281DD1F5005EEFDF /* View */,
				9A818F0F281DCED9005EEFDF /* Preview Content */,
			);
			path = swiftfulMapApp;
			sourceTree = "<group>";
		};
		9A818F0F281DCED9005EEFDF /* Preview Content */ = {
			isa = PBXGroup;
			children = (
				9A818F10281DCED9005EEFDF /* Preview Assets.xcassets */,
			);
			path = "Preview Content";
			sourceTree = "<group>";
		};
		9A818F19281DD1F5005EEFDF /* View */ = {
			isa = PBXGroup;
			children = (
				9A818F21282000A2005EEFDF /* LocationVIew.swift */,
				9A818F2B2822A6C4005EEFDF /* LocationDetailView.swift */,
				9A818F2928227788005EEFDF /* LocationMapAnnotationView.swift */,
				9A818F272821BB22005EEFDF /* LocationPreviewView.swift */,
				9A818F2528218E7E005EEFDF /* LocationsListView.swift */,
			);
			path = View;
			sourceTree = "<group>";
		};
		9A818F1A281DD1FB005EEFDF /* ViewModel */ = {
			isa = PBXGroup;
			children = (
				9A818F232820032B005EEFDF /* LocationViewModel.swift */,
			);
			path = ViewModel;
			sourceTree = "<group>";
		};
		9A818F1B281DD21B005EEFDF /* Model */ = {
			isa = PBXGroup;
			children = (
				9A818F1C281DD28C005EEFDF /* Location.swift */,
			);
			path = Model;
			sourceTree = "<group>";
		};
		9A818F1E281DD541005EEFDF /* DataServices */ = {
			isa = PBXGroup;
			children = (
				9A818F1F281DD579005EEFDF /* LocationsDataService.swift */,
			);
			path = DataServices;
			sourceTree = "<group>";
		};
/* End PBXGroup section */

/* Begin PBXNativeTarget section */
		9A818F05281DCED8005EEFDF /* swiftfulMapApp */ = {
			isa = PBXNativeTarget;
			buildConfigurationList = 9A818F14281DCED9005EEFDF /* Build configuration list for PBXNativeTarget "swiftfulMapApp" */;
			buildPhases = (
				9A818F02281DCED8005EEFDF /* Sources */,
				9A818F03281DCED8005EEFDF /* Frameworks */,
				9A818F04281DCED8005EEFDF /* Resources */,
			);
			buildRules = (
			);
			dependencies = (
			);
			name = swiftfulMapApp;
			productName = swiftfulMapApp;
			productReference = 9A818F06281DCED8005EEFDF /* swiftfulMapApp.app */;
			productType = "com.apple.product-type.application";
		};
/* End PBXNativeTarget section */

/* Begin PBXProject section */
		9A818EFE281DCED8005EEFDF /* Project object */ = {
			isa = PBXProject;
			attributes = {
				BuildIndependentTargetsInParallel = 1;
				LastSwiftUpdateCheck = 1330;
				LastUpgradeCheck = 1330;
				TargetAttributes = {
					9A818F05281DCED8005EEFDF = {
						CreatedOnToolsVersion = 13.3.1;
					};
				};
			};
			buildConfigurationList = 9A818F01281DCED8005EEFDF /* Build configuration list for PBXProject "swiftfulMapApp" */;
			compatibilityVersion = "Xcode 13.0";
			developmentRegion = en;
			hasScannedForEncodings = 0;
			knownRegions = (
				en,
				Base,
			);
			mainGroup = 9A818EFD281DCED8005EEFDF;
			productRefGroup = 9A818F07281DCED8005EEFDF /* Products */;
			projectDirPath = "";
			projectRoot = "";
			targets = (
				9A818F05281DCED8005EEFDF /* swiftfulMapApp */,
			);
		};
/* End PBXProject section */

/* Begin PBXResourcesBuildPhase section */
		9A818F04281DCED8005EEFDF /* Resources */ = {
			isa = PBXResourcesBuildPhase;
			buildActionMask = 2147483647;
			files = (
				9A818F18281DCF88005EEFDF /* Assets.xcassets in Resources */,
				9A818F11281DCED9005EEFDF /* Preview Assets.xcassets in Resources */,
			);
			runOnlyForDeploymentPostprocessing = 0;
		};
/* End PBXResourcesBuildPhase section */

/* Begin PBXSourcesBuildPhase section */
		9A818F02281DCED8005EEFDF /* Sources */ = {
			isa = PBXSourcesBuildPhase;
			buildActionMask = 2147483647;
			files = (
				9A818F20281DD579005EEFDF /* LocationsDataService.swift in Sources */,
				9A818F2A28227788005EEFDF /* LocationMapAnnotationView.swift in Sources */,
				9A818F2628218E7E005EEFDF /* LocationsListView.swift in Sources */,
				9A818F282821BB22005EEFDF /* LocationPreviewView.swift in Sources */,
				9A818F242820032B005EEFDF /* LocationViewModel.swift in Sources */,
				9A818F0C281DCED8005EEFDF /* ContentView.swift in Sources */,
				9A818F22282000A2005EEFDF /* LocationVIew.swift in Sources */,
				9A818F1D281DD28C005EEFDF /* Location.swift in Sources */,
				9A818F2C2822A6C4005EEFDF /* LocationDetailView.swift in Sources */,
				9A818F0A281DCED8005EEFDF /* swiftfulMapAppApp.swift in Sources */,
			);
			runOnlyForDeploymentPostprocessing = 0;
		};
/* End PBXSourcesBuildPhase section */

/* Begin XCBuildConfiguration section */
		9A818F12281DCED9005EEFDF /* Debug */ = {
			isa = XCBuildConfiguration;
			buildSettings = {
				ALWAYS_SEARCH_USER_PATHS = NO;
				CLANG_ANALYZER_NONNULL = YES;
				CLANG_ANALYZER_NUMBER_OBJECT_CONVERSION = YES_AGGRESSIVE;
				CLANG_CXX_LANGUAGE_STANDARD = "gnu++17";
				CLANG_ENABLE_MODULES = YES;
				CLANG_ENABLE_OBJC_ARC = YES;
				CLANG_ENABLE_OBJC_WEAK = YES;
				CLANG_WARN_BLOCK_CAPTURE_AUTORELEASING = YES;
				CLANG_WARN_BOOL_CONVERSION = YES;
				CLANG_WARN_COMMA = YES;
				CLANG_WARN_CONSTANT_CONVERSION = YES;
				CLANG_WARN_DEPRECATED_OBJC_IMPLEMENTATIONS = YES;
				CLANG_WARN_DIRECT_OBJC_ISA_USAGE = YES_ERROR;
				CLANG_WARN_DOCUMENTATION_COMMENTS = YES;
				CLANG_WARN_EMPTY_BODY = YES;
				CLANG_WARN_ENUM_CONVERSION = YES;
				CLANG_WARN_INFINITE_RECURSION = YES;
				CLANG_WARN_INT_CONVERSION = YES;
				CLANG_WARN_NON_LITERAL_NULL_CONVERSION = YES;
				CLANG_WARN_OBJC_IMPLICIT_RETAIN_SELF = YES;
				CLANG_WARN_OBJC_LITERAL_CONVERSION = YES;
				CLANG_WARN_OBJC_ROOT_CLASS = YES_ERROR;
				CLANG_WARN_QUOTED_INCLUDE_IN_FRAMEWORK_HEADER = YES;
				CLANG_WARN_RANGE_LOOP_ANALYSIS = YES;
				CLANG_WARN_STRICT_PROTOTYPES = YES;
				CLANG_WARN_SUSPICIOUS_MOVE = YES;
				CLANG_WARN_UNGUARDED_AVAILABILITY = YES_AGGRESSIVE;
				CLANG_WARN_UNREACHABLE_CODE = YES;
				CLANG_WARN__DUPLICATE_METHOD_MATCH = YES;
				COPY_PHASE_STRIP = NO;
				DEBUG_INFORMATION_FORMAT = dwarf;
				ENABLE_STRICT_OBJC_MSGSEND = YES;
				ENABLE_TESTABILITY = YES;
				GCC_C_LANGUAGE_STANDARD = gnu11;
				GCC_DYNAMIC_NO_PIC = NO;
				GCC_NO_COMMON_BLOCKS = YES;
				GCC_OPTIMIZATION_LEVEL = 0;
				GCC_PREPROCESSOR_DEFINITIONS = (
					"DEBUG=1",
					"$(inherited)",
				);
				GCC_WARN_64_TO_32_BIT_CONVERSION = YES;
				GCC_WARN_ABOUT_RETURN_TYPE = YES_ERROR;
				GCC_WARN_UNDECLARED_SELECTOR = YES;
				GCC_WARN_UNINITIALIZED_AUTOS = YES_AGGRESSIVE;
				GCC_WARN_UNUSED_FUNCTION = YES;
				GCC_WARN_UNUSED_VARIABLE = YES;
				IPHONEOS_DEPLOYMENT_TARGET = 15.4;
				MTL_ENABLE_DEBUG_INFO = INCLUDE_SOURCE;
				MTL_FAST_MATH = YES;
				ONLY_ACTIVE_ARCH = YES;
				SDKROOT = iphoneos;
				SWIFT_ACTIVE_COMPILATION_CONDITIONS = DEBUG;
				SWIFT_OPTIMIZATION_LEVEL = "-Onone";
			};
			name = Debug;
		};
		9A818F13281DCED9005EEFDF /* Release */ = {
			isa = XCBuildConfiguration;
			buildSettings = {
				ALWAYS_SEARCH_USER_PATHS = NO;
				CLANG_ANALYZER_NONNULL = YES;
				CLANG_ANALYZER_NUMBER_OBJECT_CONVERSION = YES_AGGRESSIVE;
				CLANG_CXX_LANGUAGE_STANDARD = "gnu++17";
				CLANG_ENABLE_MODULES = YES;
				CLANG_ENABLE_OBJC_ARC = YES;
				CLANG_ENABLE_OBJC_WEAK = YES;
				CLANG_WARN_BLOCK_CAPTURE_AUTORELEASING = YES;
				CLANG_WARN_BOOL_CONVERSION = YES;
				CLANG_WARN_COMMA = YES;
				CLANG_WARN_CONSTANT_CONVERSION = YES;
				CLANG_WARN_DEPRECATED_OBJC_IMPLEMENTATIONS = YES;
				CLANG_WARN_DIRECT_OBJC_ISA_USAGE = YES_ERROR;
				CLANG_WARN_DOCUMENTATION_COMMENTS = YES;
				CLANG_WARN_EMPTY_BODY = YES;
				CLANG_WARN_ENUM_CONVERSION = YES;
				CLANG_WARN_INFINITE_RECURSION = YES;
				CLANG_WARN_INT_CONVERSION = YES;
				CLANG_WARN_NON_LITERAL_NULL_CONVERSION = YES;
				CLANG_WARN_OBJC_IMPLICIT_RETAIN_SELF = YES;
				CLANG_WARN_OBJC_LITERAL_CONVERSION = YES;
				CLANG_WARN_OBJC_ROOT_CLASS = YES_ERROR;
				CLANG_WARN_QUOTED_INCLUDE_IN_FRAMEWORK_HEADER = YES;
				CLANG_WARN_RANGE_LOOP_ANALYSIS = YES;
				CLANG_WARN_STRICT_PROTOTYPES = YES;
				CLANG_WARN_SUSPICIOUS_MOVE = YES;
				CLANG_WARN_UNGUARDED_AVAILABILITY = YES_AGGRESSIVE;
				CLANG_WARN_UNREACHABLE_CODE = YES;
				CLANG_WARN__DUPLICATE_METHOD_MATCH = YES;
				COPY_PHASE_STRIP = NO;
				DEBUG_INFORMATION_FORMAT = "dwarf-with-dsym";
				ENABLE_NS_ASSERTIONS = NO;
				ENABLE_STRICT_OBJC_MSGSEND = YES;
				GCC_C_LANGUAGE_STANDARD = gnu11;
				GCC_NO_COMMON_BLOCKS = YES;
				GCC_WARN_64_TO_32_BIT_CONVERSION = YES;
				GCC_WARN_ABOUT_RETURN_TYPE = YES_ERROR;
				GCC_WARN_UNDECLARED_SELECTOR = YES;
				GCC_WARN_UNINITIALIZED_AUTOS = YES_AGGRESSIVE;
				GCC_WARN_UNUSED_FUNCTION = YES;
				GCC_WARN_UNUSED_VARIABLE = YES;
				IPHONEOS_DEPLOYMENT_TARGET = 15.4;
				MTL_ENABLE_DEBUG_INFO = NO;
				MTL_FAST_MATH = YES;
				SDKROOT = iphoneos;
				SWIFT_COMPILATION_MODE = wholemodule;
				SWIFT_OPTIMIZATION_LEVEL = "-O";
				VALIDATE_PRODUCT = YES;
			};
			name = Release;
		};
		9A818F15281DCED9005EEFDF /* Debug */ = {
			isa = XCBuildConfiguration;
			buildSettings = {
				ASSETCATALOG_COMPILER_APPICON_NAME = AppIcon;
				ASSETCATALOG_COMPILER_GLOBAL_ACCENT_COLOR_NAME = AccentColor;
				CODE_SIGN_STYLE = Automatic;
				CURRENT_PROJECT_VERSION = 1;
				DEVELOPMENT_ASSET_PATHS = "\"swiftfulMapApp/Preview Content\"";
				DEVELOPMENT_TEAM = 48RSDSQJLU;
				ENABLE_PREVIEWS = YES;
				GENERATE_INFOPLIST_FILE = YES;
				INFOPLIST_KEY_UIApplicationSceneManifest_Generation = YES;
				INFOPLIST_KEY_UIApplicationSupportsIndirectInputEvents = YES;
				INFOPLIST_KEY_UILaunchScreen_Generation = YES;
				INFOPLIST_KEY_UISupportedInterfaceOrientations = UIInterfaceOrientationPortrait;
				INFOPLIST_KEY_UISupportedInterfaceOrientations_iPad = "UIInterfaceOrientationPortrait UIInterfaceOrientationPortraitUpsideDown UIInterfaceOrientationLandscapeLeft UIInterfaceOrientationLandscapeRight";
				INFOPLIST_KEY_UISupportedInterfaceOrientations_iPhone = UIInterfaceOrientationPortrait;
				LD_RUNPATH_SEARCH_PATHS = (
					"$(inherited)",
					"@executable_path/Frameworks",
				);
				MARKETING_VERSION = 1.0;
				PRODUCT_BUNDLE_IDENTIFIER = dragonscry.swiftfulMapApp;
				PRODUCT_NAME = "$(TARGET_NAME)";
				SWIFT_EMIT_LOC_STRINGS = YES;
				SWIFT_VERSION = 5.0;
				TARGETED_DEVICE_FAMILY = "1,2";
			};
			name = Debug;
		};
		9A818F16281DCED9005EEFDF /* Release */ = {
			isa = XCBuildConfiguration;
			buildSettings = {
				ASSETCATALOG_COMPILER_APPICON_NAME = AppIcon;
				ASSETCATALOG_COMPILER_GLOBAL_ACCENT_COLOR_NAME = AccentColor;
				CODE_SIGN_STYLE = Automatic;
				CURRENT_PROJECT_VERSION = 1;
				DEVELOPMENT_ASSET_PATHS = "\"swiftfulMapApp/Preview Content\"";
				DEVELOPMENT_TEAM = 48RSDSQJLU;
				ENABLE_PREVIEWS = YES;
				GENERATE_INFOPLIST_FILE = YES;
				INFOPLIST_KEY_UIApplicationSceneManifest_Generation = YES;
				INFOPLIST_KEY_UIApplicationSupportsIndirectInputEvents = YES;
				INFOPLIST_KEY_UILaunchScreen_Generation = YES;
				INFOPLIST_KEY_UISupportedInterfaceOrientations = UIInterfaceOrientationPortrait;
				INFOPLIST_KEY_UISupportedInterfaceOrientations_iPad = "UIInterfaceOrientationPortrait UIInterfaceOrientationPortraitUpsideDown UIInterfaceOrientationLandscapeLeft UIInterfaceOrientationLandscapeRight";
				INFOPLIST_KEY_UISupportedInterfaceOrientations_iPhone = UIInterfaceOrientationPortrait;
				LD_RUNPATH_SEARCH_PATHS = (
					"$(inherited)",
					"@executable_path/Frameworks",
				);
				MARKETING_VERSION = 1.0;
				PRODUCT_BUNDLE_IDENTIFIER = dragonscry.swiftfulMapApp;
				PRODUCT_NAME = "$(TARGET_NAME)";
				SWIFT_EMIT_LOC_STRINGS = YES;
				SWIFT_VERSION = 5.0;
				TARGETED_DEVICE_FAMILY = "1,2";
			};
			name = Release;
		};
/* End XCBuildConfiguration section */

/* Begin XCConfigurationList section */
		9A818F01281DCED8005EEFDF /* Build configuration list for PBXProject "swiftfulMapApp" */ = {
			isa = XCConfigurationList;
			buildConfigurations = (
				9A818F12281DCED9005EEFDF /* Debug */,
				9A818F13281DCED9005EEFDF /* Release */,
			);
			defaultConfigurationIsVisible = 0;
			defaultConfigurationName = Release;
		};
		9A818F14281DCED9005EEFDF /* Build configuration list for PBXNativeTarget "swiftfulMapApp" */ = {
			isa = XCConfigurationList;
			buildConfigurations = (
				9A818F15281DCED9005EEFDF /* Debug */,
				9A818F16281DCED9005EEFDF /* Release */,
			);
			defaultConfigurationIsVisible = 0;
			defaultConfigurationName = Release;
		};
/* End XCConfigurationList section */
	};
	rootObject = 9A818EFE281DCED8005EEFDF /* Project object */;
}
